lockfileVersion: '9.0'

settings:
  autoInstallPeers: true
  excludeLinksFromLockfile: false

overrides:
  '@qunhe/egs-typings': workspace:*
  '@qunhe/egs-lib': workspace:*
  '@qunhe/egs': workspace:*
  '@qunhe/egs-texture-loader': workspace:*
  '@qunhe/egs-gltf-loader': workspace:*
  '@qunhe/egs-draco-loader': workspace:*
  '@qunhe/egs-splat-loader': workspace:*
  '@qunhe/egs-splat-utils': workspace:*
  '@internal/cli': workspace:*
  '@internal/utils': workspace:*
  '@types/node': ^22.20.0
  typescript: ^6.0.3
  tslib: ^2.8.1

importers:

  .:
    devDependencies:
      '@internal/cli':
        specifier: workspace:*
        version: link:tools/cli
      '@internal/utils':
        specifier: workspace:*
        version: link:tools/utils
      '@types/node':
        specifier: ^22.20.0
        version: 22.20.0
      husky:
        specifier: ^9.1.7
        version: 9.1.7
      lint-staged:
        specifier: ^17.0.8
        version: 17.0.8
      oxfmt:
        specifier: ^0.58.0
        version: 0.58.0
      oxlint:
        specifier: ^1.73.0
        version: 1.73.0
      typescript:
        specifier: ^6.0.3
        version: 6.0.3

  packages/egs:
    dependencies:
      '@qunhe/egs-lib':
        specifier: workspace:*
        version: link:../egs-lib
      tslib:
        specifier: ^2.8.1
        version: 2.8.1
    devDependencies:
      '@qunhe/egs-typings':
        specifier: workspace:*
        version: link:../egs-typings
      typescript:
        specifier: ^6.0.3
        version: 6.0.3

  packages/egs-animation:
    dependencies:
      '@qunhe/egs':
        specifier: workspace:*
        version: link:../egs
      semver:
        specifier: ^7.8.5
        version: 7.8.5
      tslib:
        specifier: ^2.8.1
        version: 2.8.1
    devDependencies:
      '@types/semver':
        specifier: ^7.7.1
        version: 7.7.1
      typescript:
        specifier: ^6.0.3
        version: 6.0.3

  packages/egs-lib:
    dependencies:
      tslib:
        specifier: ^2.8.1
        version: 2.8.1
    devDependencies:
      typescript:
        specifier: ^6.0.3
        version: 6.0.3

  packages/egs-typings:
    dependencies:
      '@types/webxr':
        specifier: ^0.5.24
        version: 0.5.24
      '@webgpu/types':
        specifier: ^0.1.71
        version: 0.1.71

  packages/loaders/draco-loader:
    dependencies:
      '@qunhe/egs-lib':
        specifier: workspace:*
        version: link:../../egs-lib
      tslib:
        specifier: ^2.8.1
        version: 2.8.1
    devDependencies:
      typescript:
        specifier: ^6.0.3
        version: 6.0.3

  packages/loaders/gltf-loader:
    dependencies:
      '@qunhe/egs':
        specifier: workspace:*
        version: link:../../egs
      tslib:
        specifier: ^2.8.1
        version: 2.8.1
    devDependencies:
      typescript:
        specifier: ^6.0.3
        version: 6.0.3

  packages/loaders/splat-loader:
    dependencies:
      '@qunhe/egs-lib':
        specifier: workspace:*
        version: link:../../egs-lib
      fflate:
        specifier: ^0.8.3
        version: 0.8.3
      tslib:
        specifier: ^2.8.1
        version: 2.8.1
    devDependencies:
      typescript:
        specifier: ^6.0.3
        version: 6.0.3

  packages/loaders/texture-loader:
    dependencies:
      '@qunhe/egs':
        specifier: workspace:*
        version: link:../../egs
      '@qunhe/egs-lib':
        specifier: workspace:*
        version: link:../../egs-lib
    devDependencies:
      typescript:
        specifier: ^6.0.3
        version: 6.0.3

  packages/utils/splat-utils:
    dependencies:
      '@qunhe/egs':
        specifier: workspace:*
        version: link:../../egs
      '@qunhe/egs-lib':
        specifier: workspace:*
        version: link:../../egs-lib
      '@qunhe/egs-splat-loader':
        specifier: workspace:*
        version: link:../../loaders/splat-loader
      tslib:
        specifier: ^2.8.1
        version: 2.8.1
    devDependencies:
      typescript:
        specifier: ^6.0.3
        version: 6.0.3

  tools/cli:
    dependencies:
      yargs:
        specifier: ^18.0.0
        version: 18.0.0

  tools/utils:
    dependencies:
      '@microsoft/api-extractor':
        specifier: ^7.58.9
        version: 7.58.9(@types/node@22.20.0)
      chalk:
        specifier: ^5.6.2
        version: 5.6.2
      glob:
        specifier: ^13.0.6
        version: 13.0.6
      typescript:
        specifier: ^6.0.3
        version: 6.0.3

packages:

  '@microsoft/api-extractor-model@7.33.8':
    resolution: {integrity: sha512-aIcoQggPyer3B6Ze3usz0YWC/oBwUHfRH5ETUsr+oT2BRA6SfTJl7IKPcPZkX4UR+PohowzW4uMxsvjrn8vm+w==}

  '@microsoft/api-extractor@7.58.9':
    resolution: {integrity: sha512-S2UF4yza5GoxCmf7hJQNxJNZN9ltOVuOQv8Dy+Z21aol5ERoBNMdWcQHm4MJMPPItW4H/4rZD906iaf4mUojJA==}
    hasBin: true

  '@microsoft/tsdoc-config@0.18.1':
    resolution: {integrity: sha512-9brPoVdfN9k9g0dcWkFeA7IH9bbcttzDJlXvkf8b2OBzd5MueR1V2wkKBL0abn0otvmkHJC6aapBOTJDDeMCZg==}

  '@microsoft/tsdoc@0.16.0':
    resolution: {integrity: sha512-xgAyonlVVS+q7Vc7qLW0UrJU7rSFcETRWsqdXZtjzRU8dF+6CkozTK4V4y1LwOX7j8r/vHphjDeMeGI4tNGeGA==}

  '@oxfmt/binding-android-arm-eabi@0.58.0':
    resolution: {integrity: sha512-Uz62sHduGGPftXtILGyxdSW4PX82rUg+rfdNqhsgxe881g4rIoXlIqmZQ6HVKcF4f+F8qMhdD03Bx5u7gmeTdg==}
    engines: {node: ^20.19.0 || >=22.12.0}
    cpu: [arm]
    os: [android]

  '@oxfmt/binding-android-arm64@0.58.0':
    resolution: {integrity: sha512-rD0lRaJp1b+9vw6X4A2dJWKukd6X8yxiicN4JxXcXayolmUypRZxk+lKR+fVOu5q/iYc0fh5fR4bgmfOfVlbaA==}
    engines: {node: ^20.19.0 || >=22.12.0}
    cpu: [arm64]
    os: [android]

  '@oxfmt/binding-darwin-arm64@0.58.0':
    resolution: {integrity: sha512-uzbPPk7O6M+w2K65vcQ1woga3wgP8zghjL1KOG5b6qJ8dvYHZJ1VShaslg2KOK6yQIwCQtcMCXqLBM6sqXUNTg==}
    engines: {node: ^20.19.0 || >=22.12.0}
    cpu: [arm64]
    os: [darwin]

  '@oxfmt/binding-darwin-x64@0.58.0':
    resolution: {integrity: sha512-L0nKYDxU32oxeQqJj21W9SlIMnf81VZEhyah6iDvFhf5q0oynq498Fopth7blErUJVBpVtxQ98RMCfMPqpJX6w==}
    engines: {node: ^20.19.0 || >=22.12.0}
    cpu: [x64]
    os: [darwin]

  '@oxfmt/binding-freebsd-x64@0.58.0':
    resolution: {integrity: sha512-woNwfD58dC5PGS9LSLSD5JYfo/EFK5iG9vhDWkcCg3q78ag7KC8bpDqgvPHrMoXpx83OLXxoSOhu6z8FsVTHlg==}
    engines: {node: ^20.19.0 || >=22.12.0}
    cpu: [x64]
    os: [freebsd]

  '@oxfmt/binding-linux-arm-gnueabihf@0.58.0':
    resolution: {integrity: sha512-Sqs8nMLxuQpY21NKJ1u4stPDmO5hskBCNNh2E3AdCfI1QqWtf4m+Qn4mGEIUO4KGmuq3SWc/SZ80uy5IiwTCDw==}
    engines: {node: ^20.19.0 || >=22.12.0}
    cpu: [arm]
    os: [linux]

  '@oxfmt/binding-linux-arm-musleabihf@0.58.0':
    resolution: {integrity: sha512-Vd4exzBI5B5hB9m22JiTQzIL23WvHo/Pe+sNXPNeBLXSP9swCBPKCEBRwKpmpQzYhlgYaCgfPcGXPKAJBRIiZQ==}
    engines: {node: ^20.19.0 || >=22.12.0}
    cpu: [arm]
    os: [linux]

  '@oxfmt/binding-linux-arm64-gnu@0.58.0':
    resolution: {integrity: sha512-bUWi5mHV+4Vi56RLHE1h6q/HHfwAIT3XoB9vJAVeRzfu5NriXM8y6eeJu0vlKa0C9kq2rq1sOWRClhdLHPocrg==}
    engines: {node: ^20.19.0 || >=22.12.0}
    cpu: [arm64]
    os: [linux]
    libc: [glibc]

  '@oxfmt/binding-linux-arm64-musl@0.58.0':
    resolution: {integrity: sha512-2ZHxemzgHcjtktAuVUwSoyXmGo/t+aF5tS1ciPpPei4rhSyrz3JOqDosXXrmhN/yLUSzJjtuW7ToTWqfQpCj2w==}
    engines: {node: ^20.19.0 || >=22.12.0}
    cpu: [arm64]
    os: [linux]
    libc: [musl]

  '@oxfmt/binding-linux-ppc64-gnu@0.58.0':
    resolution: {integrity: sha512-AwKkVwjVmFQ3bcO7j0McGYAqCKH2a326fswfofng/E8VewCT/raeeGQr4huVhY704deK8AWASSTlxzMj0eZc6Q==}
    engines: {node: ^20.19.0 || >=22.12.0}
    cpu: [ppc64]
    os: [linux]
    libc: [glibc]

  '@oxfmt/binding-linux-riscv64-gnu@0.58.0':
    resolution: {integrity: sha512-xsRpTxfUnJF8D3AUKko/qyWdjw4GZVHlCVFuGlzSCTeewLmykKINW8em1+wx+axsDVtJJcMtvsiaXggXxrlHgw==}
    engines: {node: ^20.19.0 || >=22.12.0}
    cpu: [riscv64]
    os: [linux]
    libc: [glibc]

  '@oxfmt/binding-linux-riscv64-musl@0.58.0':
    resolution: {integrity: sha512-Z4AYOTcy7nYEIiXwD62PlerimyYRcfJOgUbQAEBjXz098kxKuERBlRntofGy69HHhe9E0TLVNMl1yspVNu+efw==}
    engines: {node: ^20.19.0 || >=22.12.0}
    cpu: [riscv64]
    os: [linux]
    libc: [musl]

  '@oxfmt/binding-linux-s390x-gnu@0.58.0':
    resolution: {integrity: sha512-A3nhhtZPC/TKVWOPj9q/H3p2znJDCcHWYlJBhWL8hGq/bFmBaNBHC8Np6E581yVq1w9Mi3rMDNzDalWvtUfJtQ==}
    engines: {node: ^20.19.0 || >=22.12.0}
    cpu: [s390x]
    os: [linux]
    libc: [glibc]

  '@oxfmt/binding-linux-x64-gnu@0.58.0':
    resolution: {integrity: sha512-2g+tVkgwqphw8R4hgo+kF4oz8+P5RwVOtr9+irsC7uwEp0e9j7Crw8kDGKL20uYlLPD7g02DqA61mC/UNYx98A==}
    engines: {node: ^20.19.0 || >=22.12.0}
    cpu: [x64]
    os: [linux]
    libc: [glibc]

  '@oxfmt/binding-linux-x64-musl@0.58.0':
    resolution: {integrity: sha512-rc15P6AbyyB7426aN8AakLd02Trb3a6ML/mmfAQeVHJEfVofWLcWIrBdy6zDEY+DIaL/s8E4GGPboVw+oP3+EA==}
    engines: {node: ^20.19.0 || >=22.12.0}
    cpu: [x64]
    os: [linux]
    libc: [musl]

  '@oxfmt/binding-openharmony-arm64@0.58.0':
    resolution: {integrity: sha512-ZWoTM27/HYPOh9iq86DAbhPu9nXb8qKvvGU/h8OfliyVUFAMMNTLDkGsWDKKnDqIkqvZ9+dXlgUOsH1LYO3O7g==}
    engines: {node: ^20.19.0 || >=22.12.0}
    cpu: [arm64]
    os: [openharmony]

  '@oxfmt/binding-win32-arm64-msvc@0.58.0':
    resolution: {integrity: sha512-LHZnqFXe2dEfkRI4XdZS/57nEOT/I4UCRX5IyM9v4GYW9XwQCjGe1IUK59SuKw3POwvcgWQ4pme2cYXmNqTNPg==}
    engines: {node: ^20.19.0 || >=22.12.0}
    cpu: [arm64]
    os: [win32]

  '@oxfmt/binding-win32-ia32-msvc@0.58.0':
    resolution: {integrity: sha512-mZKpg20TpheCJym1rarcZCUJeW1sSruw8zAAaCYWvuVfwIUDN1CXdrPU/JgCWReXTCTrEfCB8Wyo3hh9jSZ2EA==}
    engines: {node: ^20.19.0 || >=22.12.0}
    cpu: [ia32]
    os: [win32]

  '@oxfmt/binding-win32-x64-msvc@0.58.0':
    resolution: {integrity: sha512-N/wUU4N5PZ2orBtI+Ko7MnMfYLfE7K91UrGMY/c/pYyHR3lA9kwst1XugkZx+92YcRh/Eo+iv2eTESSWXfiZPA==}
    engines: {node: ^20.19.0 || >=22.12.0}
    cpu: [x64]
    os: [win32]

  '@oxlint/binding-android-arm-eabi@1.73.0':
    resolution: {integrity: sha512-HZQRN/UMBu+Ut+/9MiAChkbP4qZqrNOWBcNI45vOT40GVhbGR0JgHB87L48D4iAqFQIdVmeQYtV9RF89AjTKkg==}
    engines: {node: ^20.19.0 || >=22.12.0}
    cpu: [arm]
    os: [android]

  '@oxlint/binding-android-arm64@1.73.0':
    resolution: {integrity: sha512-Gp+KJRylv2aW7thRpG5p1KTxZq4ZJFbWowrKzufNq9d3ssl3r3JviYV45/+p+7CN1Nv0zDd1e8Ex0b/HUDq4TQ==}
    engines: {node: ^20.19.0 || >=22.12.0}
    cpu: [arm64]
    os: [android]

  '@oxlint/binding-darwin-arm64@1.73.0':
    resolution: {integrity: sha512-3de96NdtXhxERMjIz7wsp2HYMY6pMQycGxFWac2mFecAx6VeARF/IqFb1QIaqiCRIdfzBwzTed+pCTCoiS+CYA==}
    engines: {node: ^20.19.0 || >=22.12.0}
    cpu: [arm64]
    os: [darwin]

  '@oxlint/binding-darwin-x64@1.73.0':
    resolution: {integrity: sha512-5zx/uPW32TiaOeVY1dQ/H5iOf0K1HOdFKOJhLqGl4o63+i1fpzoqqu/mKtd7OFgFjNCdhlyTGgjVkQTZm1ELcg==}
    engines: {node: ^20.19.0 || >=22.12.0}
    cpu: [x64]
    os: [darwin]

  '@oxlint/binding-freebsd-x64@1.73.0':
    resolution: {integrity: sha512-qNe4gKHaGnLuZJ8toUg90JAa0S2vTVvDw+0bRi3q1avXZXDT4u5mMeECf3nD4HYrbdn1O7dXqWut4onY/yx/Xg==}
    engines: {node: ^20.19.0 || >=22.12.0}
    cpu: [x64]
    os: [freebsd]

  '@oxlint/binding-linux-arm-gnueabihf@1.73.0':
    resolution: {integrity: sha512-cCehYh5hTbfShm/fxTD6wwrGUWIpvX+N5OxmAMhFhDeTGXvw+BeNj889tpxsFQ9ZLatQ6wImuY8tsKLZ+FMz7w==}
    engines: {node: ^20.19.0 || >=22.12.0}
    cpu: [arm]
    os: [linux]

  '@oxlint/binding-linux-arm-musleabihf@1.73.0':
    resolution: {integrity: sha512-d5j5GDU/2dMgjVhw7TQT9ITrsIr1Y02KEXKyVGIXUkD+KiaxE9TP65FS2ZdgTBemQvoRL+gSBdbrIm3cQIeacg==}
    engines: {node: ^20.19.0 || >=22.12.0}
    cpu: [arm]
    os: [linux]

  '@oxlint/binding-linux-arm64-gnu@1.73.0':
    resolution: {integrity: sha512-Eyf1SrP3+yR1DI3OJgOY2Pvrr9dWP9TK37xPaDYycwTtlGlI45erJAVIfH5/m/xosDt6BupJYEFi47bvbTuuyw==}
    engines: {node: ^20.19.0 || >=22.12.0}
    cpu: [arm64]
    os: [linux]
    libc: [glibc]

  '@oxlint/binding-linux-arm64-musl@1.73.0':
    resolution: {integrity: sha512-IlT/OJApEDKaMmCooHuncgJZbbCe7T5QIWmTZBEtYscWvzPQuuEinVcid6kwQRVQOUdb7PUCz4jQHnaYXdfJXw==}
    engines: {node: ^20.19.0 || >=22.12.0}
    cpu: [arm64]
    os: [linux]
    libc: [musl]

  '@oxlint/binding-linux-ppc64-gnu@1.73.0':
    resolution: {integrity: sha512-L+JYcb/vdg5fmcH08V6o0YYLU28cTH1SPNulwJdvK9NK49aXSkYy6oNpKBmddArVOXYqNepriDGiZ04G54kh1Q==}
    engines: {node: ^20.19.0 || >=22.12.0}
    cpu: [ppc64]
    os: [linux]
    libc: [glibc]

  '@oxlint/binding-linux-riscv64-gnu@1.73.0':
    resolution: {integrity: sha512-Qtk0g3bKV6OwWjIm7R8kQN1uOZRKQt/MODK2a8QfkwhTpXBD53ozx5XLVWLGDQAVyp2otLW4D2wB98XfAfMPGA==}
    engines: {node: ^20.19.0 || >=22.12.0}
    cpu: [riscv64]
    os: [linux]
    libc: [glibc]

  '@oxlint/binding-linux-riscv64-musl@1.73.0':
    resolution: {integrity: sha512-wX0NQKZVxltkAOVmzFcpOaMpdaUvsq1Eqpx9tkAfl71UdkTlSo1R4AdAnGccR1Fm2+TzFgZ22CyyGuZ41RDr/A==}
    engines: {node: ^20.19.0 || >=22.12.0}
    cpu: [riscv64]
    os: [linux]
    libc: [musl]

  '@oxlint/binding-linux-s390x-gnu@1.73.0':
    resolution: {integrity: sha512-vPe7UGBMWyiLTtnqS4xxgMQFSFGmtQwhwCxuiw6lXygaO6bVt0D8dFVg8Xv05eaiN3ybC0HXXHUAohFMFvqoCQ==}
    engines: {node: ^20.19.0 || >=22.12.0}
    cpu: [s390x]
    os: [linux]
    libc: [glibc]

  '@oxlint/binding-linux-x64-gnu@1.73.0':
    resolution: {integrity: sha512-2CwIWr9cemFC/CbRBWZvuk5mffz6ObmfFkfcC/9rTQ7f+icNhYr2kOjf9Rt8lLvugvkdGDOmkoVoFFHh6ClCTw==}
    engines: {node: ^20.19.0 || >=22.12.0}
    cpu: [x64]
    os: [linux]
    libc: [glibc]

  '@oxlint/binding-linux-x64-musl@1.73.0':
    resolution: {integrity: sha512-nDadfJgg7NBBxG0N560wOe7LLX5QiYp6qBaI7viuk5EUORFBktU/NfV0MbTqU3gTqQDCh4VyxKdo5VADxk9w8Q==}
    engines: {node: ^20.19.0 || >=22.12.0}
    cpu: [x64]
    os: [linux]
    libc: [musl]

  '@oxlint/binding-openharmony-arm64@1.73.0':
    resolution: {integrity: sha512-wGjJC+NLH9xP+IKGn9RDW94ojJR/wPbg5WCnQjj/oReaOtCQthr8ws1zICe77JFmo4ouUdeTHHZL/ESGiF6Pmw==}
    engines: {node: ^20.19.0 || >=22.12.0}
    cpu: [arm64]
    os: [openharmony]

  '@oxlint/binding-win32-arm64-msvc@1.73.0':
    resolution: {integrity: sha512-I7X47GPGljw225YUQ5SbC/rb1Kkdrd0yQf0x+hYxeKS6DpfjMbo9ccQPQ6LNY6BoJQ1sHhgDUGuMn5Vg5gHT6w==}
    engines: {node: ^20.19.0 || >=22.12.0}
    cpu: [arm64]
    os: [win32]

  '@oxlint/binding-win32-ia32-msvc@1.73.0':
    resolution: {integrity: sha512-5lWj+3h+74Fm1jYOO9qkJA4xkAlZA099DkXppuXsk7UpnpZLttsefrZU469vChGaG6hcSqrkKXQOvMTZtbjeNg==}
    engines: {node: ^20.19.0 || >=22.12.0}
    cpu: [ia32]
    os: [win32]

  '@oxlint/binding-win32-x64-msvc@1.73.0':
    resolution: {integrity: sha512-WaNRvh4f6zY9CvUQk2YoA1O90ieWrIklI84+HXFr9Isjz9CSESrdqo/RtIYt4Dll/cAchqGDMehfaZd0vqEFZw==}
    engines: {node: ^20.19.0 || >=22.12.0}
    cpu: [x64]
    os: [win32]

  '@rushstack/node-core-library@5.23.1':
    resolution: {integrity: sha512-wlKmIKIYCKuCASbITvOxLZXepPbwXvrv7S6ig6XNWFchSyhL/E2txmVXspHY49Wu2dzf7nI27a2k/yV5BA3EiA==}
    peerDependencies:
      '@types/node': ^22.20.0
    peerDependenciesMeta:
      '@types/node':
        optional: true

  '@rushstack/problem-matcher@0.2.1':
    resolution: {integrity: sha512-gulfhBs6n+I5b7DvjKRfhMGyUejtSgOHTclF/eONr8hcgF1APEDjhxIsfdUYYMzC3rvLwGluqLjbwCFZ8nxrog==}
    peerDependencies:
      '@types/node': ^22.20.0
    peerDependenciesMeta:
      '@types/node':
        optional: true

  '@rushstack/rig-package@0.7.3':
    resolution: {integrity: sha512-aAA518n6wxxjCfnTAOjQnm7ngNE0FVHxHAw2pxKlIhxrMn0XQjGcXKF0oKWpjBgJOmsaJpVob/v+zr3zxgPWuA==}

  '@rushstack/terminal@0.24.0':
    resolution: {integrity: sha512-8ZQS4MMaGsv27EXCBiH7WMPkRZrffeDoIevs6z9TM5dzqiY6+Hn4evfK/G+gvgBTjfvfkHIZPQQmalmI2sM4TQ==}
    peerDependencies:
      '@types/node': ^22.20.0
    peerDependenciesMeta:
      '@types/node':
        optional: true

  '@rushstack/ts-command-line@5.3.10':
    resolution: {integrity: sha512-fwI076HYknC0IrMXdY6UmjDv+PH7NHhNJX3/pY2UblSE5XrXgndXZPiOe/6ZtuFpn6DvVDVNhtkIzQ+Qu/MhVQ==}

  '@types/argparse@1.0.38':
    resolution: {integrity: sha512-ebDJ9b0e702Yr7pWgB0jzm+CX4Srzz8RcXtLJDJB+BSccqMa36uyH/zUsSYao5+BD1ytv3k3rPYCq4mAE1hsXA==}

  '@types/node@22.20.0':
    resolution: {integrity: sha512-QWlFW2wf3nTjC13/DqRnBpR4ZO36VJH/JVBkA/vcnmbTBNQIlnObqyqZE1tUR7+Ni23Lda8R1BxMfbXRpCUx5g==}

  '@types/semver@7.7.1':
    resolution: {integrity: sha512-FmgJfu+MOcQ370SD0ev7EI8TlCAfKYU+B4m5T3yXc1CiRN94g/SZPtsCkk506aUDtlMnFZvasDwHHUcZUEaYuA==}

  '@types/webxr@0.5.24':
    resolution: {integrity: sha512-h8fgEd/DpoS9CBrjEQXR+dIDraopAEfu4wYVNY2tEPwk60stPWhvZMf4Foo5FakuQ7HFZoa8WceaWFervK2Ovg==}

  '@webgpu/types@0.1.71':
    resolution: {integrity: sha512-mMy8/ODcKhab808co15eW+yN+HgXoQxRQHTiBV9Mrvl1r0ufnid7YOcI+gi4eUWSWl9ezD6TW2KXccrL8HCh2A==}

  ajv-draft-04@1.0.0:
    resolution: {integrity: sha512-mv00Te6nmYbRp5DCwclxtt7yV/joXJPGS7nM+97GdxvuttCOfgI3K4U25zboyeX0O+myI8ERluxQe5wljMmVIw==}
    peerDependencies:
      ajv: ^8.5.0
    peerDependenciesMeta:
      ajv:
        optional: true

  ajv-formats@3.0.1:
    resolution: {integrity: sha512-8iUql50EUR+uUcdRQ3HDqa6EVyo3docL8g5WJ3FNcWmu62IbkGUue/pEyLBW8VGKKucTPgqeks4fIU1DA4yowQ==}
    peerDependencies:
      ajv: ^8.0.0
    peerDependenciesMeta:
      ajv:
        optional: true

  ajv@8.18.0:
    resolution: {integrity: sha512-PlXPeEWMXMZ7sPYOHqmDyCJzcfNrUr3fGNKtezX14ykXOEIvyK81d+qydx89KY5O71FKMPaQ2vBfBFI5NHR63A==}

  ansi-escapes@7.3.0:
    resolution: {integrity: sha512-BvU8nYgGQBxcmMuEeUEmNTvrMVjJNSH7RgW24vXexN4Ven6qCvy4TntnvlnwnMLTVlcRQQdbRY8NKnaIoeWDNg==}
    engines: {node: '>=18'}

  ansi-regex@6.2.2:
    resolution: {integrity: sha512-Bq3SmSpyFHaWjPk8If9yc6svM8c56dB5BAtW4Qbw5jHTwwXXcTLoRMkpDJp6VL0XzlWaCHTXrkFURMYmD0sLqg==}
    engines: {node: '>=12'}

  ansi-styles@6.2.3:
    resolution: {integrity: sha512-4Dj6M28JB+oAH8kFkTLUo+a2jwOFkuqb3yucU0CANcRRUbxS0cP0nZYCGjcc3BNXwRIsUVmDGgzawme7zvJHvg==}
    engines: {node: '>=12'}

  argparse@1.0.10:
    resolution: {integrity: sha512-o5Roy6tNG4SL/FOkCAN6RzjiakZS25RLYFrcMttJqbdd8BWrnA+fGz57iN5Pb06pvBGvl5gQ0B48dJlslXvoTg==}

  balanced-match@4.0.4:
    resolution: {integrity: sha512-BLrgEcRTwX2o6gGxGOCNyMvGSp35YofuYzw9h1IMTRmKqttAZZVU67bdb9Pr2vUHA8+j3i2tJfjO6C6+4myGTA==}
    engines: {node: 18 || 20 || >=22}

  brace-expansion@5.0.7:
    resolution: {integrity: sha512-7oFy703dxfY3/NLxC1fh2SUCQ0H9rmAY+5EpDVfXjUTTs+HEwR2nYaqLv+GWcTsumwxPfiz6CzCNkwXwBUwqCA==}
    engines: {node: 18 || 20 || >=22}

  chalk@5.6.2:
    resolution: {integrity: sha512-7NzBL0rN6fMUW+f7A6Io4h40qQlG+xGmtMxfbnH/K7TAtt8JQWVQK+6g0UXKMeVJoyV5EkkNsErQ8pVD3bLHbA==}
    engines: {node: ^12.17.0 || ^14.13 || >=16.0.0}

  cli-cursor@5.0.0:
    resolution: {integrity: sha512-aCj4O5wKyszjMmDT4tZj93kxyydN/K5zPWSCe6/0AV/AA1pqe5ZBIw0a2ZfPQV7lL5/yb5HsUreJ6UFAF1tEQw==}
    engines: {node: '>=18'}

  cli-truncate@5.2.0:
    resolution: {integrity: sha512-xRwvIOMGrfOAnM1JYtqQImuaNtDEv9v6oIYAs4LIHwTiKee8uwvIi363igssOC0O5U04i4AlENs79LQLu9tEMw==}
    engines: {node: '>=20'}

  cliui@9.0.1:
    resolution: {integrity: sha512-k7ndgKhwoQveBL+/1tqGJYNz097I7WOvwbmmU2AR5+magtbjPWQTS1C5vzGkBC8Ym8UWRzfKUzUUqFLypY4Q+w==}
    engines: {node: '>=20'}

  diff@8.0.4:
    resolution: {integrity: sha512-DPi0FmjiSU5EvQV0++GFDOJ9ASQUVFh5kD+OzOnYdi7n3Wpm9hWWGfB/O2blfHcMVTL5WkQXSnRiK9makhrcnw==}
    engines: {node: '>=0.3.1'}

  emoji-regex@10.6.0:
    resolution: {integrity: sha512-toUI84YS5YmxW219erniWD0CIVOo46xGKColeNQRgOzDorgBi1v4D71/OFzgD9GO2UGKIv1C3Sp8DAn0+j5w7A==}

  environment@1.1.0:
    resolution: {integrity: sha512-xUtoPkMggbz0MPyPiIWr1Kp4aeWJjDZ6SMvURhimjdZgsRuDplF5/s9hcgGhyXMhs+6vpnuoiZ2kFiu3FMnS8Q==}
    engines: {node: '>=18'}

  es-errors@1.3.0:
    resolution: {integrity: sha512-Zf5H2Kxt2xjTvbJvP2ZWLEICxA6j+hAmMzIlypy4xcBg1vKVnx89Wy0GbS+kf5cwCVFFzdCFh2XSCFNULS6csw==}
    engines: {node: '>= 0.4'}

  escalade@3.2.0:
    resolution: {integrity: sha512-WUj2qlxaQtO4g6Pq5c29GTcWGDyd8itL8zTlipgECz3JesAiiOKotd8JU6otB3PACgG6xkJUyVhboMS+bje/jA==}
    engines: {node: '>=6'}

  eventemitter3@5.0.4:
    resolution: {integrity: sha512-mlsTRyGaPBjPedk6Bvw+aqbsXDtoAyAzm5MO7JgU+yVRyMQ5O8bD4Kcci7BS85f93veegeCPkL8R4GLClnjLFw==}

  fast-deep-equal@3.1.3:
    resolution: {integrity: sha512-f3qQ9oQy9j2AhBe/H9VC91wLmKBCCU/gDOnKNAYG5hswO7BLKj09Hc5HYNz9cGI++xlpDCIgDaitVs03ATR84Q==}

  fast-uri@3.1.3:
    resolution: {integrity: sha512-i70LwGWUduXqzicKXWshooq+sWL1K3WUU5rKZNG/0i3a1OSoX3HqhH5WbWwTmqWfor4urUakGPiRQcleRZTwOg==}

  fflate@0.8.3:
    resolution: {integrity: sha512-tbZNuJrLwGUp3zshBtdy4W+ORxZuIh8a5ilyIEQDC5rY1f3U20JMry0Ll3WBzU58EZKsEuJFXhb5gwv8CsPvgA==}

  fs-extra@11.3.6:
    resolution: {integrity: sha512-w8ZNZr2mKIc7qeNaQ9AVPT1+iFaI+Avd4xudVOvdDJ8VytREi1Ft5Ih7hd9jjehod8vAM5GMsfQ/TpPf4EyoEA==}
    engines: {node: '>=14.14'}

  function-bind@1.1.2:
    resolution: {integrity: sha512-7XHNxH7qX9xG5mIwxkhumTox/MIRNcOgDrxWsMt2pAr23WHp6MrRlN7FBSFpCpr+oVO0F744iUgR82nJMfG2SA==}

  get-caller-file@2.0.5:
    resolution: {integrity: sha512-DyFP3BM/3YHTQOCUL/w0OZHR0lpKeGrxotcHWcqNEdnltqFwXVfhEBQ94eIo34AfQpo0rGki4cyIiftY06h2Fg==}
    engines: {node: 6.* || 8.* || >= 10.*}

  get-east-asian-width@1.6.0:
    resolution: {integrity: sha512-QRbvDIbx6YklUe6RxeTeleMR0yv3cYH6PsPZHcnVn7xv7zO1BHN8r0XETu8n6Ye3Q+ahtSarc3WgtNWmehIBfA==}
    engines: {node: '>=18'}

  glob@13.0.6:
    resolution: {integrity: sha512-Wjlyrolmm8uDpm/ogGyXZXb1Z+Ca2B8NbJwqBVg0axK9GbBeoS7yGV6vjXnYdGm6X53iehEuxxbyiKp8QmN4Vw==}
    engines: {node: 18 || 20 || >=22}

  graceful-fs@4.2.11:
    resolution: {integrity: sha512-RbJ5/jmFcNNCcDV5o9eTnBLJ/HszWV0P73bc+Ff4nS/rJj+YaS6IGyiOL0VoBYX+l1Wrl3k63h/KrH+nhJ0XvQ==}

  has-flag@4.0.0:
    resolution: {integrity: sha512-EykJT/Q1KjTWctppgIAgfSO0tKVuZUjhgMr17kqTumMl6Afv3EISleU7qZUzoXDFTAHTDC4NOoG/ZxU3EvlMPQ==}
    engines: {node: '>=8'}

  hasown@2.0.4:
    resolution: {integrity: sha512-T2UbfbBEF32wiepXIsMlTW9+dDYC6wMh/t/vYA4tuOMKqWz/n3vr1NFSxQiyP+zk2mXsoMA/i/7qV6LKut1t1A==}
    engines: {node: '>= 0.4'}

  husky@9.1.7:
    resolution: {integrity: sha512-5gs5ytaNjBrh5Ow3zrvdUUY+0VxIuWVL4i9irt6friV+BqdCfmV11CQTWMiBYWHbXhco+J1kHfTOUkePhCDvMA==}
    engines: {node: '>=18'}
    hasBin: true

  import-lazy@4.0.0:
    resolution: {integrity: sha512-rKtvo6a868b5Hu3heneU+L4yEQ4jYKLtjpnPeUdK7h0yzXGmyBTypknlkCvHFBqfX9YlorEiMM6Dnq/5atfHkw==}
    engines: {node: '>=8'}

  is-core-module@2.16.2:
    resolution: {integrity: sha512-evOr8xfXKxE6qSR0hSXL2r3sd7ALj8+7jQEUvPYcm5sgZFdJ+AYzT6yNmJenvIYQBgIGwfwz08sL8zoL7yq2BA==}
    engines: {node: '>= 0.4'}

  is-fullwidth-code-point@5.1.0:
    resolution: {integrity: sha512-5XHYaSyiqADb4RnZ1Bdad6cPp8Toise4TzEjcOYDHZkTCbKgiUl7WTUCpNWHuxmDt91wnsZBc9xinNzopv3JMQ==}
    engines: {node: '>=18'}

  jju@1.4.0:
    resolution: {integrity: sha512-8wb9Yw966OSxApiCt0K3yNJL8pnNeIv+OEq2YMidz4FKP6nonSRoOXc80iXY4JaN2FC11B9qsNmDsm+ZOfMROA==}

  json-schema-traverse@1.0.0:
    resolution: {integrity: sha512-NM8/P9n3XjXhIZn1lLhkFaACTOURQXjWhV4BA/RnOv8xvgqtqpAX9IO4mRQxSx1Rlo4tqzeqb0sOlruaOy3dug==}

  jsonfile@6.2.1:
    resolution: {integrity: sha512-zwOTdL3rFQ/lRdBnntKVOX6k5cKJwEc1HdilT71BWEu7J41gXIB2MRp+vxduPSwZJPWBxEzv4yH1wYLJGUHX4Q==}

  lint-staged@17.0.8:
    resolution: {integrity: sha512-B2P/d+jVW0UXOQ0MVMLrB/9ydA1P+zz6jYfdrbbEd9ur3S2rcbduFWKiUCC02Sm5hbC8nrm7y24WuYMG54HfxA==}
    engines: {node: '>=22.22.1'}
    hasBin: true

  listr2@10.2.2:
    resolution: {integrity: sha512-JtNtbZj8q5BnDMR7trpwvwk3RIrANtIVzEUm8w7amp6xelLgyuq+4WZoTH913XaQAoH/cNdYhaNzBPA2U3xbDw==}
    engines: {node: '>=22.13.0'}

  log-update@6.1.0:
    resolution: {integrity: sha512-9ie8ItPR6tjY5uYJh8K/Zrv/RMZ5VOlOWvtZdEHYSTFKZfIBPQa9tOAEeAWhd+AnIneLJ22w5fjOYtoutpWq5w==}
    engines: {node: '>=18'}

  lru-cache@11.5.2:
    resolution: {integrity: sha512-4pfM1Ff0x50o0tQwb5ucw/RzNyD0/YJME6IVcStalZuMWxdt3sR3huStTtxz4PUmvZfRguvDejasvQ2kifR11g==}
    engines: {node: 20 || >=22}

  mimic-function@5.0.1:
    resolution: {integrity: sha512-VP79XUPxV2CigYP3jWwAUFSku2aKqBH7uTAapFWCBqutsbmDo96KY5o8uh6U+/YSIn5OxJnXp73beVkpqMIGhA==}
    engines: {node: '>=18'}

  minimatch@10.2.3:
    resolution: {integrity: sha512-Rwi3pnapEqirPSbWbrZaa6N3nmqq4Xer/2XooiOKyV3q12ML06f7MOuc5DVH8ONZIFhwIYQ3yzPH4nt7iWHaTg==}
    engines: {node: 18 || 20 || >=22}

  minimatch@10.2.5:
    resolution: {integrity: sha512-MULkVLfKGYDFYejP07QOurDLLQpcjk7Fw+7jXS2R2czRQzR56yHRveU5NDJEOviH+hETZKSkIk5c+T23GjFUMg==}
    engines: {node: 18 || 20 || >=22}

  minipass@7.1.3:
    resolution: {integrity: sha512-tEBHqDnIoM/1rXME1zgka9g6Q2lcoCkxHLuc7ODJ5BxbP5d4c2Z5cGgtXAku59200Cx7diuHTOYfSBD8n6mm8A==}
    engines: {node: '>=16 || 14 >=14.17'}

  onetime@7.0.0:
    resolution: {integrity: sha512-VXJjc87FScF88uafS3JllDgvAm+c/Slfz06lorj2uAY34rlUu0Nt+v8wreiImcrgAjjIHp1rXpTDlLOGw29WwQ==}
    engines: {node: '>=18'}

  oxfmt@0.58.0:
    resolution: {integrity: sha512-8feG/7NVEHDVwc1OUpP6Pks+TnaDFUw2jLLFIMi5bcmmwxAX2wBQvjSzj62RRTYBf2Op1Wt8xbkmagmPTR5ETg==}
    engines: {node: ^20.19.0 || >=22.12.0}
    hasBin: true
    peerDependencies:
      svelte: ^5.0.0
      vite-plus: '*'
    peerDependenciesMeta:
      svelte:
        optional: true
      vite-plus:
        optional: true

  oxlint@1.73.0:
    resolution: {integrity: sha512-u91G9TJzU6yqKWNZUYprQB07W7YvntZXaRxQ6CkoytepYhLWUXWsr1M8zUJ34VatNPuUAr3Z8GH+O2A331CluQ==}
    engines: {node: ^20.19.0 || >=22.12.0}
    hasBin: true
    peerDependencies:
      oxlint-tsgolint: '>=0.24.0'
      vite-plus: '*'
    peerDependenciesMeta:
      oxlint-tsgolint:
        optional: true
      vite-plus:
        optional: true

  path-parse@1.0.7:
    resolution: {integrity: sha512-LDJzPVEEEPR+y48z93A0Ed0yXb8pAByGWo/k5YYdYgpY2/2EsOsksJrq7lOHxryrVOn1ejG6oAp8ahvOIQD8sw==}

  path-scurry@2.0.2:
    resolution: {integrity: sha512-3O/iVVsJAPsOnpwWIeD+d6z/7PmqApyQePUtCndjatj/9I5LylHvt5qluFaBT3I5h3r1ejfR056c+FCv+NnNXg==}
    engines: {node: 18 || 20 || >=22}

  picomatch@4.0.5:
    resolution: {integrity: sha512-RvwwcruNjI1ncT5xRakeyS9Lf8lcItv34KD+aif+VH9kduAyfYBipGh12274xtenIPZ119/R9BdTBa8gAwSh0A==}
    engines: {node: '>=12'}

  require-from-string@2.0.2:
    resolution: {integrity: sha512-Xf0nWe6RseziFMu+Ap9biiUbmplq6S9/p+7w7YXP/JBHhrUDDUhwa+vANyubuqfZWTveU//DYVGsDG7RKL/vEw==}
    engines: {node: '>=0.10.0'}

  resolve@1.22.12:
    resolution: {integrity: sha512-TyeJ1zif53BPfHootBGwPRYT1RUt6oGWsaQr8UyZW/eAm9bKoijtvruSDEmZHm92CwS9nj7/fWttqPCgzep8CA==}
    engines: {node: '>= 0.4'}
    hasBin: true

  restore-cursor@5.1.0:
    resolution: {integrity: sha512-oMA2dcrw6u0YfxJQXm342bFKX/E4sG9rbTzO9ptUcR/e8A33cHuvStiYOwH7fszkZlZ1z/ta9AAoPk2F4qIOHA==}
    engines: {node: '>=18'}

  rfdc@1.4.1:
    resolution: {integrity: sha512-q1b3N5QkRUWUl7iyylaaj3kOpIT0N2i9MqIEQXP73GVsN9cw3fdx8X63cEmWhJGi2PPCF23Ijp7ktmd39rawIA==}

  semver@7.7.4:
    resolution: {integrity: sha512-vFKC2IEtQnVhpT78h1Yp8wzwrf8CM+MzKMHGJZfBtzhZNycRFnXsHk6E5TxIkkMsgNS7mdX3AGB7x2QM2di4lA==}
    engines: {node: '>=10'}
    hasBin: true

  semver@7.8.5:
    resolution: {integrity: sha512-Y7/KDsb8LjooZpwaqGyulO6DQlksgCncchHGk+sZIY4SBvUocMBEFH5Ur1fI4dV+Jvl0w6cjvucaIi40puRioA==}
    engines: {node: '>=10'}
    hasBin: true

  signal-exit@4.1.0:
    resolution: {integrity: sha512-bzyZ1e88w9O1iNJbKnOlvYTrWPDl46O1bG0D3XInv+9tkPrxrN8jUUTiFlDkkmKWgn1M6CfIA13SuGqOa9Korw==}
    engines: {node: '>=14'}

  slice-ansi@7.1.2:
    resolution: {integrity: sha512-iOBWFgUX7caIZiuutICxVgX1SdxwAVFFKwt1EvMYYec/NWO5meOJ6K5uQxhrYBdQJne4KxiqZc+KptFOWFSI9w==}
    engines: {node: '>=18'}

  slice-ansi@8.0.0:
    resolution: {integrity: sha512-stxByr12oeeOyY2BlviTNQlYV5xOj47GirPr4yA1hE9JCtxfQN0+tVbkxwCtYDQWhEKWFHsEK48ORg5jrouCAg==}
    engines: {node: '>=20'}

  source-map@0.6.1:
    resolution: {integrity: sha512-UjgapumWlbMhkBgzT7Ykc5YXUT46F0iKu8SGXq0bcwP5dz/h0Plj6enJqjz1Zbq2l5WaqYnrVbwWOWMyF3F47g==}
    engines: {node: '>=0.10.0'}

  sprintf-js@1.0.3:
    resolution: {integrity: sha512-D9cPgkvLlV3t3IzL0D0YLvGA9Ahk4PcvVwUbN0dSGr1aP0Nrt4AEnTUbuGvquEC0mA64Gqt1fzirlRs5ibXx8g==}

  string-argv@0.3.2:
    resolution: {integrity: sha512-aqD2Q0144Z+/RqG52NeHEkZauTAUWJO8c6yTftGJKO3Tja5tUgIfmIl6kExvhtxSDP7fXB6DvzkfMpCd/F3G+Q==}
    engines: {node: '>=0.6.19'}

  string-width@7.2.0:
    resolution: {integrity: sha512-tsaTIkKW9b4N+AEj+SVA+WhJzV7/zMhcSu78mLKWSk7cXMOSHsBKFWUs0fWwq8QyK3MgJBQRX6Gbi4kYbdvGkQ==}
    engines: {node: '>=18'}

  string-width@8.2.1:
    resolution: {integrity: sha512-IIaP0g3iy9Cyy18w3M9YcaDudujEAVHKt3a3QJg1+sr/oX96TbaGUubG0hJyCjCBThFH+tFpcIyoUHUn1ogaLA==}
    engines: {node: '>=20'}

  strip-ansi@7.2.0:
    resolution: {integrity: sha512-yDPMNjp4WyfYBkHnjIRLfca1i6KMyGCtsVgoKe/z1+6vukgaENdgGBZt+ZmKPc4gavvEZ5OgHfHdrazhgNyG7w==}
    engines: {node: '>=12'}

  supports-color@8.1.1:
    resolution: {integrity: sha512-MpUEN2OodtUzxvKQl72cUF7RQ5EiHsGvSsVG0ia9c5RbWGL2CI4C7EpPS8UTBIplnlzZiNuV56w+FuNxy3ty2Q==}
    engines: {node: '>=10'}

  supports-preserve-symlinks-flag@1.0.0:
    resolution: {integrity: sha512-ot0WnXS9fgdkgIcePe6RHNk1WA8+muPa6cSjeR3V8K27q9BB1rTE3R1p7Hv0z1ZyAc8s6Vvv8DIyWf681MAt0w==}
    engines: {node: '>= 0.4'}

  tinyexec@1.2.4:
    resolution: {integrity: sha512-SHf/r48b7vOrjve9PxJo3MN5v5yuyjHvdUcrQffT3WXMUfnGmHDVbC4k3sHJaJTgZCwpUplIaAo5ANtMyp3YHg==}
    engines: {node: '>=18'}

  tinypool@2.1.0:
    resolution: {integrity: sha512-Pugqs6M0m7Lv1I7FtxN4aoyToKg1C4tu+/381vH35y8oENM/Ai7f7C4StcoK4/+BSw9ebcS8jRiVrORFKCALLw==}
    engines: {node: ^20.0.0 || >=22.0.0}

  tslib@2.8.1:
    resolution: {integrity: sha512-oJFu94HQb+KVduSUQL7wnpmqnfmLsOA/nAh6b6EH0wCEoK0/mPeXU6c3wKDV83MkOuHPRHtSXKKU99IBazS/2w==}

  typescript@6.0.3:
    resolution: {integrity: sha512-y2TvuxSZPDyQakkFRPZHKFm+KKVqIisdg9/CZwm9ftvKXLP8NRWj38/ODjNbr43SsoXqNuAisEf1GdCxqWcdBw==}
    engines: {node: '>=14.17'}
    hasBin: true

  undici-types@6.21.0:
    resolution: {integrity: sha512-iwDZqg0QAGrg9Rav5H4n0M64c3mkR59cJ6wQp+7C4nI0gsmExaedaYLNO44eT4AtBBwjbTiGPMlt2Md0T9H9JQ==}

  universalify@2.0.1:
    resolution: {integrity: sha512-gptHNQghINnc/vTGIk0SOFGFNXw7JVrlRUtConJRlvaw6DuX0wO5Jeko9sWrMBhh+PsYAZ7oXAiOnf/UKogyiw==}
    engines: {node: '>= 10.0.0'}

  wrap-ansi@10.0.0:
    resolution: {integrity: sha512-SGcvg80f0wUy2/fXES19feHMz8E0JoXv2uNgHOu4Dgi2OrCy1lqwFYEJz1BLbDI0exjPMe/ZdzZ/YpGECBG/aQ==}
    engines: {node: '>=20'}

  wrap-ansi@9.0.2:
    resolution: {integrity: sha512-42AtmgqjV+X1VpdOfyTGOYRi0/zsoLqtXQckTmqTeybT+BDIbM/Guxo7x3pE2vtpr1ok6xRqM9OpBe+Jyoqyww==}
    engines: {node: '>=18'}

  y18n@5.0.8:
    resolution: {integrity: sha512-0pfFzegeDWJHJIAmTLRP2DwHjdF5s7jo9tuztdQxAhINCdvS+3nGINqPd00AphqJR/0LhANUS6/+7SCb98YOfA==}
    engines: {node: '>=10'}

  yaml@2.9.0:
    resolution: {integrity: sha512-2AvhNX3mb8zd6Zy7INTtSpl1F15HW6Wnqj0srWlkKLcpYl/gMIMJiyuGq2KeI2YFxUPjdlB+3Lc10seMLtL4cA==}
    engines: {node: '>= 14.6'}
    hasBin: true

  yargs-parser@22.0.0:
    resolution: {integrity: sha512-rwu/ClNdSMpkSrUb+d6BRsSkLUq1fmfsY6TOpYzTwvwkg1/NRG85KBy3kq++A8LKQwX6lsu+aWad+2khvuXrqw==}
    engines: {node: ^20.19.0 || ^22.12.0 || >=23}

  yargs@18.0.0:
    resolution: {integrity: sha512-4UEqdc2RYGHZc7Doyqkrqiln3p9X2DZVxaGbwhn2pi7MrRagKaOcIKe8L3OxYcbhXLgLFUS3zAYuQjKBQgmuNg==}
    engines: {node: ^20.19.0 || ^22.12.0 || >=23}

snapshots:

  '@microsoft/api-extractor-model@7.33.8(@types/node@22.20.0)':
    dependencies:
      '@microsoft/tsdoc': 0.16.0
      '@microsoft/tsdoc-config': 0.18.1
      '@rushstack/node-core-library': 5.23.1(@types/node@22.20.0)
    transitivePeerDependencies:
      - '@types/node'

  '@microsoft/api-extractor@7.58.9(@types/node@22.20.0)':
    dependencies:
      '@microsoft/api-extractor-model': 7.33.8(@types/node@22.20.0)
      '@microsoft/tsdoc': 0.16.0
      '@microsoft/tsdoc-config': 0.18.1
      '@rushstack/node-core-library': 5.23.1(@types/node@22.20.0)
      '@rushstack/rig-package': 0.7.3
      '@rushstack/terminal': 0.24.0(@types/node@22.20.0)
      '@rushstack/ts-command-line': 5.3.10(@types/node@22.20.0)
      diff: 8.0.4
      minimatch: 10.2.3
      resolve: 1.22.12
      semver: 7.7.4
      source-map: 0.6.1
      typescript: 6.0.3
    transitivePeerDependencies:
      - '@types/node'

  '@microsoft/tsdoc-config@0.18.1':
    dependencies:
      '@microsoft/tsdoc': 0.16.0
      ajv: 8.18.0
      jju: 1.4.0
      resolve: 1.22.12

  '@microsoft/tsdoc@0.16.0': {}

  '@oxfmt/binding-android-arm-eabi@0.58.0':
    optional: true

  '@oxfmt/binding-android-arm64@0.58.0':
    optional: true

  '@oxfmt/binding-darwin-arm64@0.58.0':
    optional: true

  '@oxfmt/binding-darwin-x64@0.58.0':
    optional: true

  '@oxfmt/binding-freebsd-x64@0.58.0':
    optional: true

  '@oxfmt/binding-linux-arm-gnueabihf@0.58.0':
    optional: true

  '@oxfmt/binding-linux-arm-musleabihf@0.58.0':
    optional: true

  '@oxfmt/binding-linux-arm64-gnu@0.58.0':
    optional: true

  '@oxfmt/binding-linux-arm64-musl@0.58.0':
    optional: true

  '@oxfmt/binding-linux-ppc64-gnu@0.58.0':
    optional: true

  '@oxfmt/binding-linux-riscv64-gnu@0.58.0':
    optional: true

  '@oxfmt/binding-linux-riscv64-musl@0.58.0':
    optional: true

  '@oxfmt/binding-linux-s390x-gnu@0.58.0':
    optional: true

  '@oxfmt/binding-linux-x64-gnu@0.58.0':
    optional: true

  '@oxfmt/binding-linux-x64-musl@0.58.0':
    optional: true

  '@oxfmt/binding-openharmony-arm64@0.58.0':
    optional: true

  '@oxfmt/binding-win32-arm64-msvc@0.58.0':
    optional: true

  '@oxfmt/binding-win32-ia32-msvc@0.58.0':
    optional: true

  '@oxfmt/binding-win32-x64-msvc@0.58.0':
    optional: true

  '@oxlint/binding-android-arm-eabi@1.73.0':
    optional: true

  '@oxlint/binding-android-arm64@1.73.0':
    optional: true

  '@oxlint/binding-darwin-arm64@1.73.0':
    optional: true

  '@oxlint/binding-darwin-x64@1.73.0':
    optional: true

  '@oxlint/binding-freebsd-x64@1.73.0':
    optional: true

  '@oxlint/binding-linux-arm-gnueabihf@1.73.0':
    optional: true

  '@oxlint/binding-linux-arm-musleabihf@1.73.0':
    optional: true

  '@oxlint/binding-linux-arm64-gnu@1.73.0':
    optional: true

  '@oxlint/binding-linux-arm64-musl@1.73.0':
    optional: true

  '@oxlint/binding-linux-ppc64-gnu@1.73.0':
    optional: true

  '@oxlint/binding-linux-riscv64-gnu@1.73.0':
    optional: true

  '@oxlint/binding-linux-riscv64-musl@1.73.0':
    optional: true

  '@oxlint/binding-linux-s390x-gnu@1.73.0':
    optional: true

  '@oxlint/binding-linux-x64-gnu@1.73.0':
    optional: true

  '@oxlint/binding-linux-x64-musl@1.73.0':
    optional: true

  '@oxlint/binding-openharmony-arm64@1.73.0':
    optional: true

  '@oxlint/binding-win32-arm64-msvc@1.73.0':
    optional: true

  '@oxlint/binding-win32-ia32-msvc@1.73.0':
    optional: true

  '@oxlint/binding-win32-x64-msvc@1.73.0':
    optional: true

  '@rushstack/node-core-library@5.23.1(@types/node@22.20.0)':
    dependencies:
      ajv: 8.18.0
      ajv-draft-04: 1.0.0(ajv@8.18.0)
      ajv-formats: 3.0.1(ajv@8.18.0)
      fs-extra: 11.3.6
      import-lazy: 4.0.0
      jju: 1.4.0
      resolve: 1.22.12
      semver: 7.7.4
    optionalDependencies:
      '@types/node': 22.20.0

  '@rushstack/problem-matcher@0.2.1(@types/node@22.20.0)':
    optionalDependencies:
      '@types/node': 22.20.0

  '@rushstack/rig-package@0.7.3':
    dependencies:
      jju: 1.4.0
      resolve: 1.22.12

  '@rushstack/terminal@0.24.0(@types/node@22.20.0)':
    dependencies:
      '@rushstack/node-core-library': 5.23.1(@types/node@22.20.0)
      '@rushstack/problem-matcher': 0.2.1(@types/node@22.20.0)
      supports-color: 8.1.1
    optionalDependencies:
      '@types/node': 22.20.0

  '@rushstack/ts-command-line@5.3.10(@types/node@22.20.0)':
    dependencies:
      '@rushstack/terminal': 0.24.0(@types/node@22.20.0)
      '@types/argparse': 1.0.38
      argparse: 1.0.10
      string-argv: 0.3.2
    transitivePeerDependencies:
      - '@types/node'

  '@types/argparse@1.0.38': {}

  '@types/node@22.20.0':
    dependencies:
      undici-types: 6.21.0

  '@types/semver@7.7.1': {}

  '@types/webxr@0.5.24': {}

  '@webgpu/types@0.1.71': {}

  ajv-draft-04@1.0.0(ajv@8.18.0):
    optionalDependencies:
      ajv: 8.18.0

  ajv-formats@3.0.1(ajv@8.18.0):
    optionalDependencies:
      ajv: 8.18.0

  ajv@8.18.0:
    dependencies:
      fast-deep-equal: 3.1.3
      fast-uri: 3.1.3
      json-schema-traverse: 1.0.0
      require-from-string: 2.0.2

  ansi-escapes@7.3.0:
    dependencies:
      environment: 1.1.0

  ansi-regex@6.2.2: {}

  ansi-styles@6.2.3: {}

  argparse@1.0.10:
    dependencies:
      sprintf-js: 1.0.3

  balanced-match@4.0.4: {}

  brace-expansion@5.0.7:
    dependencies:
      balanced-match: 4.0.4

  chalk@5.6.2: {}

  cli-cursor@5.0.0:
    dependencies:
      restore-cursor: 5.1.0

  cli-truncate@5.2.0:
    dependencies:
      slice-ansi: 8.0.0
      string-width: 8.2.1

  cliui@9.0.1:
    dependencies:
      string-width: 7.2.0
      strip-ansi: 7.2.0
      wrap-ansi: 9.0.2

  diff@8.0.4: {}

  emoji-regex@10.6.0: {}

  environment@1.1.0: {}

  es-errors@1.3.0: {}

  escalade@3.2.0: {}

  eventemitter3@5.0.4: {}

  fast-deep-equal@3.1.3: {}

  fast-uri@3.1.3: {}

  fflate@0.8.3: {}

  fs-extra@11.3.6:
    dependencies:
      graceful-fs: 4.2.11
      jsonfile: 6.2.1
      universalify: 2.0.1

  function-bind@1.1.2: {}

  get-caller-file@2.0.5: {}

  get-east-asian-width@1.6.0: {}

  glob@13.0.6:
    dependencies:
      minimatch: 10.2.5
      minipass: 7.1.3
      path-scurry: 2.0.2

  graceful-fs@4.2.11: {}

  has-flag@4.0.0: {}

  hasown@2.0.4:
    dependencies:
      function-bind: 1.1.2

  husky@9.1.7: {}

  import-lazy@4.0.0: {}

  is-core-module@2.16.2:
    dependencies:
      hasown: 2.0.4

  is-fullwidth-code-point@5.1.0:
    dependencies:
      get-east-asian-width: 1.6.0

  jju@1.4.0: {}

  json-schema-traverse@1.0.0: {}

  jsonfile@6.2.1:
    dependencies:
      universalify: 2.0.1
    optionalDependencies:
      graceful-fs: 4.2.11

  lint-staged@17.0.8:
    dependencies:
      listr2: 10.2.2
      picomatch: 4.0.5
      string-argv: 0.3.2
      tinyexec: 1.2.4
    optionalDependencies:
      yaml: 2.9.0

  listr2@10.2.2:
    dependencies:
      cli-truncate: 5.2.0
      eventemitter3: 5.0.4
      log-update: 6.1.0
      rfdc: 1.4.1
      wrap-ansi: 10.0.0

  log-update@6.1.0:
    dependencies:
      ansi-escapes: 7.3.0
      cli-cursor: 5.0.0
      slice-ansi: 7.1.2
      strip-ansi: 7.2.0
      wrap-ansi: 9.0.2

  lru-cache@11.5.2: {}

  mimic-function@5.0.1: {}

  minimatch@10.2.3:
    dependencies:
      brace-expansion: 5.0.7

  minimatch@10.2.5:
    dependencies:
      brace-expansion: 5.0.7

  minipass@7.1.3: {}

  onetime@7.0.0:
    dependencies:
      mimic-function: 5.0.1

  oxfmt@0.58.0:
    dependencies:
      tinypool: 2.1.0
    optionalDependencies:
      '@oxfmt/binding-android-arm-eabi': 0.58.0
      '@oxfmt/binding-android-arm64': 0.58.0
      '@oxfmt/binding-darwin-arm64': 0.58.0
      '@oxfmt/binding-darwin-x64': 0.58.0
      '@oxfmt/binding-freebsd-x64': 0.58.0
      '@oxfmt/binding-linux-arm-gnueabihf': 0.58.0
      '@oxfmt/binding-linux-arm-musleabihf': 0.58.0
      '@oxfmt/binding-linux-arm64-gnu': 0.58.0
      '@oxfmt/binding-linux-arm64-musl': 0.58.0
      '@oxfmt/binding-linux-ppc64-gnu': 0.58.0
      '@oxfmt/binding-linux-riscv64-gnu': 0.58.0
      '@oxfmt/binding-linux-riscv64-musl': 0.58.0
      '@oxfmt/binding-linux-s390x-gnu': 0.58.0
      '@oxfmt/binding-linux-x64-gnu': 0.58.0
      '@oxfmt/binding-linux-x64-musl': 0.58.0
      '@oxfmt/binding-openharmony-arm64': 0.58.0
      '@oxfmt/binding-win32-arm64-msvc': 0.58.0
      '@oxfmt/binding-win32-ia32-msvc': 0.58.0
      '@oxfmt/binding-win32-x64-msvc': 0.58.0

  oxlint@1.73.0:
    optionalDependencies:
      '@oxlint/binding-android-arm-eabi': 1.73.0
      '@oxlint/binding-android-arm64': 1.73.0
      '@oxlint/binding-darwin-arm64': 1.73.0
      '@oxlint/binding-darwin-x64': 1.73.0
      '@oxlint/binding-freebsd-x64': 1.73.0
      '@oxlint/binding-linux-arm-gnueabihf': 1.73.0
      '@oxlint/binding-linux-arm-musleabihf': 1.73.0
      '@oxlint/binding-linux-arm64-gnu': 1.73.0
      '@oxlint/binding-linux-arm64-musl': 1.73.0
      '@oxlint/binding-linux-ppc64-gnu': 1.73.0
      '@oxlint/binding-linux-riscv64-gnu': 1.73.0
      '@oxlint/binding-linux-riscv64-musl': 1.73.0
      '@oxlint/binding-linux-s390x-gnu': 1.73.0
      '@oxlint/binding-linux-x64-gnu': 1.73.0
      '@oxlint/binding-linux-x64-musl': 1.73.0
      '@oxlint/binding-openharmony-arm64': 1.73.0
      '@oxlint/binding-win32-arm64-msvc': 1.73.0
      '@oxlint/binding-win32-ia32-msvc': 1.73.0
      '@oxlint/binding-win32-x64-msvc': 1.73.0

  path-parse@1.0.7: {}

  path-scurry@2.0.2:
    dependencies:
      lru-cache: 11.5.2
      minipass: 7.1.3

  picomatch@4.0.5: {}

  require-from-string@2.0.2: {}

  resolve@1.22.12:
    dependencies:
      es-errors: 1.3.0
      is-core-module: 2.16.2
      path-parse: 1.0.7
      supports-preserve-symlinks-flag: 1.0.0

  restore-cursor@5.1.0:
    dependencies:
      onetime: 7.0.0
      signal-exit: 4.1.0

  rfdc@1.4.1: {}

  semver@7.7.4: {}

  semver@7.8.5: {}

  signal-exit@4.1.0: {}

  slice-ansi@7.1.2:
    dependencies:
      ansi-styles: 6.2.3
      is-fullwidth-code-point: 5.1.0

  slice-ansi@8.0.0:
    dependencies:
      ansi-styles: 6.2.3
      is-fullwidth-code-point: 5.1.0

  source-map@0.6.1: {}

  sprintf-js@1.0.3: {}

  string-argv@0.3.2: {}

  string-width@7.2.0:
    dependencies:
      emoji-regex: 10.6.0
      get-east-asian-width: 1.6.0
      strip-ansi: 7.2.0

  string-width@8.2.1:
    dependencies:
      get-east-asian-width: 1.6.0
      strip-ansi: 7.2.0

  strip-ansi@7.2.0:
    dependencies:
      ansi-regex: 6.2.2

  supports-color@8.1.1:
    dependencies:
      has-flag: 4.0.0

  supports-preserve-symlinks-flag@1.0.0: {}

  tinyexec@1.2.4: {}

  tinypool@2.1.0: {}

  tslib@2.8.1: {}

  typescript@6.0.3: {}

  undici-types@6.21.0: {}

  universalify@2.0.1: {}

  wrap-ansi@10.0.0:
    dependencies:
      ansi-styles: 6.2.3
      string-width: 8.2.1
      strip-ansi: 7.2.0

  wrap-ansi@9.0.2:
    dependencies:
      ansi-styles: 6.2.3
      string-width: 7.2.0
      strip-ansi: 7.2.0

  y18n@5.0.8: {}

  yaml@2.9.0:
    optional: true

  yargs-parser@22.0.0: {}

  yargs@18.0.0:
    dependencies:
      cliui: 9.0.1
      escalade: 3.2.0
      get-caller-file: 2.0.5
      string-width: 7.2.0
      y18n: 5.0.8
      yargs-parser: 22.0.0
