lockfileVersion: '9.0'

settings:
  autoInstallPeers: true
  excludeLinksFromLockfile: false

overrides:
  '@qunhe/egs-typings': workspace:*
  '@qunhe/egs-lib': workspace:*
  '@qunhe/egs': workspace:*
  '@qunhe/egs-texture-loader': workspace:*
  '@qunhe/egs-gltf-loader': workspace:*
  '@qunhe/egs-draco-loader': workspace:*
  '@qunhe/egs-splat-loader': workspace:*
  '@qunhe/egs-splat-utils': workspace:*
  '@internal/cli': workspace:*
  '@internal/utils': workspace:*
  '@types/node': ^22.19.19
  typescript: ^6.0.3
  tslib: ^2.8.1

importers:

  .:
    devDependencies:
      '@internal/cli':
        specifier: workspace:*
        version: link:tools/cli
      '@internal/utils':
        specifier: workspace:*
        version: link:tools/utils
      '@types/node':
        specifier: ^22.19.19
        version: 22.19.19
      oxfmt:
        specifier: ^0.55.0
        version: 0.55.0
      typescript:
        specifier: ^6.0.3
        version: 6.0.3

  packages/egs:
    dependencies:
      '@qunhe/egs-lib':
        specifier: workspace:*
        version: link:../egs-lib
      tslib:
        specifier: ^2.8.1
        version: 2.8.1
    devDependencies:
      '@qunhe/egs-typings':
        specifier: workspace:*
        version: link:../egs-typings
      typescript:
        specifier: ^6.0.3
        version: 6.0.3

  packages/egs-animation:
    dependencies:
      '@qunhe/egs':
        specifier: workspace:*
        version: link:../egs
      semver:
        specifier: ^7.8.1
        version: 7.8.1
      tslib:
        specifier: ^2.8.1
        version: 2.8.1
    devDependencies:
      '@types/semver':
        specifier: ^7.7.1
        version: 7.7.1
      typescript:
        specifier: ^6.0.3
        version: 6.0.3

  packages/egs-lib:
    dependencies:
      tslib:
        specifier: ^2.8.1
        version: 2.8.1
    devDependencies:
      typescript:
        specifier: ^6.0.3
        version: 6.0.3

  packages/egs-typings:
    dependencies:
      '@types/webxr':
        specifier: ^0.5.24
        version: 0.5.24
      '@webgpu/types':
        specifier: ^0.1.70
        version: 0.1.70

  packages/loaders/draco-loader:
    dependencies:
      '@qunhe/egs-lib':
        specifier: workspace:*
        version: link:../../egs-lib
      tslib:
        specifier: ^2.8.1
        version: 2.8.1
    devDependencies:
      typescript:
        specifier: ^6.0.3
        version: 6.0.3

  packages/loaders/gltf-loader:
    dependencies:
      '@qunhe/egs':
        specifier: workspace:*
        version: link:../../egs
      tslib:
        specifier: ^2.8.1
        version: 2.8.1
    devDependencies:
      typescript:
        specifier: ^6.0.3
        version: 6.0.3

  packages/loaders/splat-loader:
    dependencies:
      '@qunhe/egs':
        specifier: workspace:*
        version: link:../../egs
      '@qunhe/egs-lib':
        specifier: workspace:*
        version: link:../../egs-lib
      fflate:
        specifier: ^0.8.3
        version: 0.8.3
      tslib:
        specifier: ^2.8.1
        version: 2.8.1
      zstddec:
        specifier: ^0.2.0
        version: 0.2.0
    devDependencies:
      typescript:
        specifier: ^6.0.3
        version: 6.0.3

  packages/loaders/texture-loader:
    dependencies:
      '@qunhe/egs':
        specifier: workspace:*
        version: link:../../egs
      '@qunhe/egs-lib':
        specifier: workspace:*
        version: link:../../egs-lib
    devDependencies:
      typescript:
        specifier: ^6.0.3
        version: 6.0.3

  packages/utils/splat-utils:
    dependencies:
      '@qunhe/egs':
        specifier: workspace:*
        version: link:../../egs
      '@qunhe/egs-lib':
        specifier: workspace:*
        version: link:../../egs-lib
      '@qunhe/egs-splat-loader':
        specifier: workspace:*
        version: link:../../loaders/splat-loader
      tslib:
        specifier: ^2.8.1
        version: 2.8.1
    devDependencies:
      typescript:
        specifier: ^6.0.3
        version: 6.0.3

  tools/cli:
    dependencies:
      yargs:
        specifier: ^18.0.0
        version: 18.0.0

  tools/utils:
    dependencies:
      '@microsoft/api-extractor':
        specifier: ^7.58.8
        version: 7.58.8(@types/node@22.19.19)
      chalk:
        specifier: ^5.6.2
        version: 5.6.2
      glob:
        specifier: ^13.0.6
        version: 13.0.6
      typescript:
        specifier: ^6.0.3
        version: 6.0.3

packages:

  '@microsoft/api-extractor-model@7.33.8':
    resolution: {integrity: sha512-aIcoQggPyer3B6Ze3usz0YWC/oBwUHfRH5ETUsr+oT2BRA6SfTJl7IKPcPZkX4UR+PohowzW4uMxsvjrn8vm+w==}

  '@microsoft/api-extractor@7.58.8':
    resolution: {integrity: sha512-Y45rdEvZodD1WBAK9w8Wvqj7k/6z21YOEP8aVNWv1vemEzanjThvCowc3Eyt/bmJJyqI4gj0BQr9nLC51fsDiQ==}
    hasBin: true

  '@microsoft/tsdoc-config@0.18.1':
    resolution: {integrity: sha512-9brPoVdfN9k9g0dcWkFeA7IH9bbcttzDJlXvkf8b2OBzd5MueR1V2wkKBL0abn0otvmkHJC6aapBOTJDDeMCZg==}

  '@microsoft/tsdoc@0.16.0':
    resolution: {integrity: sha512-xgAyonlVVS+q7Vc7qLW0UrJU7rSFcETRWsqdXZtjzRU8dF+6CkozTK4V4y1LwOX7j8r/vHphjDeMeGI4tNGeGA==}

  '@oxfmt/binding-android-arm-eabi@0.55.0':
    resolution: {integrity: sha512-+rFDOqQe5LOWgxrAJaZgLRudr6GQm0wGI6gtu7vVkrdLGjNMUSGbAlaCr8j7F2H2Er97vYQCU8WDb30onqMM1g==}
    engines: {node: ^20.19.0 || >=22.12.0}
    cpu: [arm]
    os: [android]

  '@oxfmt/binding-android-arm64@0.55.0':
    resolution: {integrity: sha512-ctulLq8s3x8Zmvw6+iccB09TIKERAklRSmbJ10gk8mlAn05qZxoyo52dj3Hi9IJcmDSwF54fQaTVh2CbL6PInw==}
    engines: {node: ^20.19.0 || >=22.12.0}
    cpu: [arm64]
    os: [android]

  '@oxfmt/binding-darwin-arm64@0.55.0':
    resolution: {integrity: sha512-xDQczLH9pw/RBk1h/GH0qcGMm8hQtmtVHBNLSH3lk1gEIR09hZ4L+mJQl4VqiVAvPK9VG9PYrWWuSQLt7xTbiA==}
    engines: {node: ^20.19.0 || >=22.12.0}
    cpu: [arm64]
    os: [darwin]

  '@oxfmt/binding-darwin-x64@0.55.0':
    resolution: {integrity: sha512-JaNoFCkF2CJdGgpPSMbuO9HVyXyoNGIhMHPvp6NYAjeVKw9XEYc0HcUWJLPQa3Q69WV5wMa9m5jPMJPtbLtcRg==}
    engines: {node: ^20.19.0 || >=22.12.0}
    cpu: [x64]
    os: [darwin]

  '@oxfmt/binding-freebsd-x64@0.55.0':
    resolution: {integrity: sha512-DNbszhpg6S2MIzax5azdHFTTBIVkR5xr8yyRZuA4yoDAwOkzIp3tmldgKZM2+VlT+hJIG0xUksA+elISzMEAfA==}
    engines: {node: ^20.19.0 || >=22.12.0}
    cpu: [x64]
    os: [freebsd]

  '@oxfmt/binding-linux-arm-gnueabihf@0.55.0':
    resolution: {integrity: sha512-2snoaoRfFFyGnbOcKUK36rREBYxe/Xgz3uHbiA5zbCB/s6R4DQj4mHqYAaWWhgizCUSDxV8cE9zAZ0XleNpKGw==}
    engines: {node: ^20.19.0 || >=22.12.0}
    cpu: [arm]
    os: [linux]

  '@oxfmt/binding-linux-arm-musleabihf@0.55.0':
    resolution: {integrity: sha512-q1aktHF/WRpSK81BX1dE/9vWrS2jGw1Nax2kb4DBLGAewubCLcoNyp4Zl/NSMgbv3vUS46Z33wIQkBVYOP3PYg==}
    engines: {node: ^20.19.0 || >=22.12.0}
    cpu: [arm]
    os: [linux]

  '@oxfmt/binding-linux-arm64-gnu@0.55.0':
    resolution: {integrity: sha512-VD0y36aENezl/3tsclA/4G53Cc7iV+7Uoh7gz4yvcOTaEYBtJpQsE6PKDGTtUtOvGS4kv51ybfXY/nWZejO5IA==}
    engines: {node: ^20.19.0 || >=22.12.0}
    cpu: [arm64]
    os: [linux]
    libc: [glibc]

  '@oxfmt/binding-linux-arm64-musl@0.55.0':
    resolution: {integrity: sha512-r8xlKJFcsRmn0H5jZrdORae6RX9jDBrZVvOoxF+bCQtampQJClv80aZEHsv+NsLsp2KCE5ql79O7DpPVzYWpXA==}
    engines: {node: ^20.19.0 || >=22.12.0}
    cpu: [arm64]
    os: [linux]
    libc: [musl]

  '@oxfmt/binding-linux-ppc64-gnu@0.55.0':
    resolution: {integrity: sha512-GRKv/HXHcwIVld/WU61rF0g0R16hl5EJ+ScKdpjevT57lnLnagj/U2YUbXf2mT+2Pg1uCzWC+mvGicPV3CDdLQ==}
    engines: {node: ^20.19.0 || >=22.12.0}
    cpu: [ppc64]
    os: [linux]
    libc: [glibc]

  '@oxfmt/binding-linux-riscv64-gnu@0.55.0':
    resolution: {integrity: sha512-rdv57enTiPtpSYRMKfAiEbQb0Puw5t9N7isVinDoo5qeLDScro2gznmZqSgSWbVZRzLisTeCTW8Qwgw0bOHv3A==}
    engines: {node: ^20.19.0 || >=22.12.0}
    cpu: [riscv64]
    os: [linux]
    libc: [glibc]

  '@oxfmt/binding-linux-riscv64-musl@0.55.0':
    resolution: {integrity: sha512-7v1nNrlD43VY6+sYQ6efYyb3lE6QY182304PD/768ZxTjOmFd/3dQa3u/nGBUAXYdGSWOQc5N3PnS0QzUXyEIA==}
    engines: {node: ^20.19.0 || >=22.12.0}
    cpu: [riscv64]
    os: [linux]
    libc: [musl]

  '@oxfmt/binding-linux-s390x-gnu@0.55.0':
    resolution: {integrity: sha512-f4lJLUSPOgScjFl9LiflKCTocyNRwE25JmTMbN4XQdDjoZzEHjqf3wA3VESF1/csg7i8m7+EQLbrZyYDqe10UQ==}
    engines: {node: ^20.19.0 || >=22.12.0}
    cpu: [s390x]
    os: [linux]
    libc: [glibc]

  '@oxfmt/binding-linux-x64-gnu@0.55.0':
    resolution: {integrity: sha512-MihqiPziJNoWy4MqNSV+jVA1g+07iQDjZiR0vaCaDoPgFEiJpCMsxamktzLV07cEeQsSJ04vQaU4CzCQwIvtDA==}
    engines: {node: ^20.19.0 || >=22.12.0}
    cpu: [x64]
    os: [linux]
    libc: [glibc]

  '@oxfmt/binding-linux-x64-musl@0.55.0':
    resolution: {integrity: sha512-Yqghym7KYAVjP9MmSrNZiDeerMuoejNjo0r3ox5H3GDKk8eAfl8VyJm9i+pWCLDCTnAbcTUMMN2ZKjUYXH1v3g==}
    engines: {node: ^20.19.0 || >=22.12.0}
    cpu: [x64]
    os: [linux]
    libc: [musl]

  '@oxfmt/binding-openharmony-arm64@0.55.0':
    resolution: {integrity: sha512-s5SDvVVSbyQl1V5UU3Yl12M+XLUQ3rl5SglNqgAA2K4PXUtQhyNSS00wivONPEnNo5W01rCou8WkDNyvI/RGHg==}
    engines: {node: ^20.19.0 || >=22.12.0}
    cpu: [arm64]
    os: [openharmony]

  '@oxfmt/binding-win32-arm64-msvc@0.55.0':
    resolution: {integrity: sha512-7p9FB5R32tw2KyyNX3wpQrR2WHwEHvMEiBlGXxeTCaRMCVNx3UtFMAUbaQ/pRNWIrEUZmYhJ6tcUH52uPTRYjQ==}
    engines: {node: ^20.19.0 || >=22.12.0}
    cpu: [arm64]
    os: [win32]

  '@oxfmt/binding-win32-ia32-msvc@0.55.0':
    resolution: {integrity: sha512-ZYqj3fDnOT1IaVGMP5kpmkQl4F3tQIm2ZyAxvqkJYmI0xgWWak4ss4XYwv3VDfM+TWXeC9K4uQ/wW5jm/5XABA==}
    engines: {node: ^20.19.0 || >=22.12.0}
    cpu: [ia32]
    os: [win32]

  '@oxfmt/binding-win32-x64-msvc@0.55.0':
    resolution: {integrity: sha512-eEYT5tivGnGbPHuOHuQpi6CGLObhh0re/5jcNQHihD2GRYkTM85dyi5a19zjP8Q00t1uqAx+/QGLUGdHeqzWyg==}
    engines: {node: ^20.19.0 || >=22.12.0}
    cpu: [x64]
    os: [win32]

  '@rushstack/node-core-library@5.23.1':
    resolution: {integrity: sha512-wlKmIKIYCKuCASbITvOxLZXepPbwXvrv7S6ig6XNWFchSyhL/E2txmVXspHY49Wu2dzf7nI27a2k/yV5BA3EiA==}
    peerDependencies:
      '@types/node': ^22.19.19
    peerDependenciesMeta:
      '@types/node':
        optional: true

  '@rushstack/problem-matcher@0.2.1':
    resolution: {integrity: sha512-gulfhBs6n+I5b7DvjKRfhMGyUejtSgOHTclF/eONr8hcgF1APEDjhxIsfdUYYMzC3rvLwGluqLjbwCFZ8nxrog==}
    peerDependencies:
      '@types/node': ^22.19.19
    peerDependenciesMeta:
      '@types/node':
        optional: true

  '@rushstack/rig-package@0.7.3':
    resolution: {integrity: sha512-aAA518n6wxxjCfnTAOjQnm7ngNE0FVHxHAw2pxKlIhxrMn0XQjGcXKF0oKWpjBgJOmsaJpVob/v+zr3zxgPWuA==}

  '@rushstack/terminal@0.24.0':
    resolution: {integrity: sha512-8ZQS4MMaGsv27EXCBiH7WMPkRZrffeDoIevs6z9TM5dzqiY6+Hn4evfK/G+gvgBTjfvfkHIZPQQmalmI2sM4TQ==}
    peerDependencies:
      '@types/node': ^22.19.19
    peerDependenciesMeta:
      '@types/node':
        optional: true

  '@rushstack/ts-command-line@5.3.9':
    resolution: {integrity: sha512-GIHqU+sRGQ3LGWAZu1O+9Yh++qwtyNIIGuNbcWHJjBTm2qRez0cwINUHZ+pQLR8UuzZDcMajrDaNbUYoaL/XtQ==}

  '@types/argparse@1.0.38':
    resolution: {integrity: sha512-ebDJ9b0e702Yr7pWgB0jzm+CX4Srzz8RcXtLJDJB+BSccqMa36uyH/zUsSYao5+BD1ytv3k3rPYCq4mAE1hsXA==}

  '@types/node@22.19.19':
    resolution: {integrity: sha512-dyh/xO2Fh5bYrfWaaqGrRQQGkNdmYw6AmaAUvYeUMNTWQtvb796ikLdmTchRmOlOiIJ1TDXfWgVx1QkUlQ6Hew==}

  '@types/semver@7.7.1':
    resolution: {integrity: sha512-FmgJfu+MOcQ370SD0ev7EI8TlCAfKYU+B4m5T3yXc1CiRN94g/SZPtsCkk506aUDtlMnFZvasDwHHUcZUEaYuA==}

  '@types/webxr@0.5.24':
    resolution: {integrity: sha512-h8fgEd/DpoS9CBrjEQXR+dIDraopAEfu4wYVNY2tEPwk60stPWhvZMf4Foo5FakuQ7HFZoa8WceaWFervK2Ovg==}

  '@webgpu/types@0.1.70':
    resolution: {integrity: sha512-LFiNHHKMvmAEvwVew3JLJmTdShhbdwRFSImUshGhE2mGE8ybQzIo63l5uRp+YKnNx+8Qno8Kf6gN+DKMreIJCA==}

  ajv-draft-04@1.0.0:
    resolution: {integrity: sha512-mv00Te6nmYbRp5DCwclxtt7yV/joXJPGS7nM+97GdxvuttCOfgI3K4U25zboyeX0O+myI8ERluxQe5wljMmVIw==}
    peerDependencies:
      ajv: ^8.5.0
    peerDependenciesMeta:
      ajv:
        optional: true

  ajv-formats@3.0.1:
    resolution: {integrity: sha512-8iUql50EUR+uUcdRQ3HDqa6EVyo3docL8g5WJ3FNcWmu62IbkGUue/pEyLBW8VGKKucTPgqeks4fIU1DA4yowQ==}
    peerDependencies:
      ajv: ^8.0.0
    peerDependenciesMeta:
      ajv:
        optional: true

  ajv@8.18.0:
    resolution: {integrity: sha512-PlXPeEWMXMZ7sPYOHqmDyCJzcfNrUr3fGNKtezX14ykXOEIvyK81d+qydx89KY5O71FKMPaQ2vBfBFI5NHR63A==}

  ansi-regex@6.2.2:
    resolution: {integrity: sha512-Bq3SmSpyFHaWjPk8If9yc6svM8c56dB5BAtW4Qbw5jHTwwXXcTLoRMkpDJp6VL0XzlWaCHTXrkFURMYmD0sLqg==}
    engines: {node: '>=12'}

  ansi-styles@6.2.3:
    resolution: {integrity: sha512-4Dj6M28JB+oAH8kFkTLUo+a2jwOFkuqb3yucU0CANcRRUbxS0cP0nZYCGjcc3BNXwRIsUVmDGgzawme7zvJHvg==}
    engines: {node: '>=12'}

  argparse@1.0.10:
    resolution: {integrity: sha512-o5Roy6tNG4SL/FOkCAN6RzjiakZS25RLYFrcMttJqbdd8BWrnA+fGz57iN5Pb06pvBGvl5gQ0B48dJlslXvoTg==}

  balanced-match@4.0.4:
    resolution: {integrity: sha512-BLrgEcRTwX2o6gGxGOCNyMvGSp35YofuYzw9h1IMTRmKqttAZZVU67bdb9Pr2vUHA8+j3i2tJfjO6C6+4myGTA==}
    engines: {node: 18 || 20 || >=22}

  brace-expansion@5.0.5:
    resolution: {integrity: sha512-VZznLgtwhn+Mact9tfiwx64fA9erHH/MCXEUfB/0bX/6Fz6ny5EGTXYltMocqg4xFAQZtnO3DHWWXi8RiuN7cQ==}
    engines: {node: 18 || 20 || >=22}

  chalk@5.6.2:
    resolution: {integrity: sha512-7NzBL0rN6fMUW+f7A6Io4h40qQlG+xGmtMxfbnH/K7TAtt8JQWVQK+6g0UXKMeVJoyV5EkkNsErQ8pVD3bLHbA==}
    engines: {node: ^12.17.0 || ^14.13 || >=16.0.0}

  cliui@9.0.1:
    resolution: {integrity: sha512-k7ndgKhwoQveBL+/1tqGJYNz097I7WOvwbmmU2AR5+magtbjPWQTS1C5vzGkBC8Ym8UWRzfKUzUUqFLypY4Q+w==}
    engines: {node: '>=20'}

  diff@8.0.4:
    resolution: {integrity: sha512-DPi0FmjiSU5EvQV0++GFDOJ9ASQUVFh5kD+OzOnYdi7n3Wpm9hWWGfB/O2blfHcMVTL5WkQXSnRiK9makhrcnw==}
    engines: {node: '>=0.3.1'}

  emoji-regex@10.6.0:
    resolution: {integrity: sha512-toUI84YS5YmxW219erniWD0CIVOo46xGKColeNQRgOzDorgBi1v4D71/OFzgD9GO2UGKIv1C3Sp8DAn0+j5w7A==}

  es-errors@1.3.0:
    resolution: {integrity: sha512-Zf5H2Kxt2xjTvbJvP2ZWLEICxA6j+hAmMzIlypy4xcBg1vKVnx89Wy0GbS+kf5cwCVFFzdCFh2XSCFNULS6csw==}
    engines: {node: '>= 0.4'}

  escalade@3.2.0:
    resolution: {integrity: sha512-WUj2qlxaQtO4g6Pq5c29GTcWGDyd8itL8zTlipgECz3JesAiiOKotd8JU6otB3PACgG6xkJUyVhboMS+bje/jA==}
    engines: {node: '>=6'}

  fast-deep-equal@3.1.3:
    resolution: {integrity: sha512-f3qQ9oQy9j2AhBe/H9VC91wLmKBCCU/gDOnKNAYG5hswO7BLKj09Hc5HYNz9cGI++xlpDCIgDaitVs03ATR84Q==}

  fast-uri@3.1.2:
    resolution: {integrity: sha512-rVjf7ArG3LTk+FS6Yw81V1DLuZl1bRbNrev6Tmd/9RaroeeRRJhAt7jg/6YFxbvAQXUCavSoZhPPj6oOx+5KjQ==}

  fflate@0.8.3:
    resolution: {integrity: sha512-tbZNuJrLwGUp3zshBtdy4W+ORxZuIh8a5ilyIEQDC5rY1f3U20JMry0Ll3WBzU58EZKsEuJFXhb5gwv8CsPvgA==}

  fs-extra@11.3.5:
    resolution: {integrity: sha512-eKpRKAovdpZtR1WopLHxlBWvAgPny3c4gX1G5Jhwmmw4XJj0ifSD5qB5TOo8hmA0wlRKDAOAhEE1yVPgs6Fgcg==}
    engines: {node: '>=14.14'}

  function-bind@1.1.2:
    resolution: {integrity: sha512-7XHNxH7qX9xG5mIwxkhumTox/MIRNcOgDrxWsMt2pAr23WHp6MrRlN7FBSFpCpr+oVO0F744iUgR82nJMfG2SA==}

  get-caller-file@2.0.5:
    resolution: {integrity: sha512-DyFP3BM/3YHTQOCUL/w0OZHR0lpKeGrxotcHWcqNEdnltqFwXVfhEBQ94eIo34AfQpo0rGki4cyIiftY06h2Fg==}
    engines: {node: 6.* || 8.* || >= 10.*}

  get-east-asian-width@1.5.0:
    resolution: {integrity: sha512-CQ+bEO+Tva/qlmw24dCejulK5pMzVnUOFOijVogd3KQs07HnRIgp8TGipvCCRT06xeYEbpbgwaCxglFyiuIcmA==}
    engines: {node: '>=18'}

  glob@13.0.6:
    resolution: {integrity: sha512-Wjlyrolmm8uDpm/ogGyXZXb1Z+Ca2B8NbJwqBVg0axK9GbBeoS7yGV6vjXnYdGm6X53iehEuxxbyiKp8QmN4Vw==}
    engines: {node: 18 || 20 || >=22}

  graceful-fs@4.2.11:
    resolution: {integrity: sha512-RbJ5/jmFcNNCcDV5o9eTnBLJ/HszWV0P73bc+Ff4nS/rJj+YaS6IGyiOL0VoBYX+l1Wrl3k63h/KrH+nhJ0XvQ==}

  has-flag@4.0.0:
    resolution: {integrity: sha512-EykJT/Q1KjTWctppgIAgfSO0tKVuZUjhgMr17kqTumMl6Afv3EISleU7qZUzoXDFTAHTDC4NOoG/ZxU3EvlMPQ==}
    engines: {node: '>=8'}

  hasown@2.0.3:
    resolution: {integrity: sha512-ej4AhfhfL2Q2zpMmLo7U1Uv9+PyhIZpgQLGT1F9miIGmiCJIoCgSmczFdrc97mWT4kVY72KA+WnnhJ5pghSvSg==}
    engines: {node: '>= 0.4'}

  import-lazy@4.0.0:
    resolution: {integrity: sha512-rKtvo6a868b5Hu3heneU+L4yEQ4jYKLtjpnPeUdK7h0yzXGmyBTypknlkCvHFBqfX9YlorEiMM6Dnq/5atfHkw==}
    engines: {node: '>=8'}

  is-core-module@2.16.2:
    resolution: {integrity: sha512-evOr8xfXKxE6qSR0hSXL2r3sd7ALj8+7jQEUvPYcm5sgZFdJ+AYzT6yNmJenvIYQBgIGwfwz08sL8zoL7yq2BA==}
    engines: {node: '>= 0.4'}

  jju@1.4.0:
    resolution: {integrity: sha512-8wb9Yw966OSxApiCt0K3yNJL8pnNeIv+OEq2YMidz4FKP6nonSRoOXc80iXY4JaN2FC11B9qsNmDsm+ZOfMROA==}

  json-schema-traverse@1.0.0:
    resolution: {integrity: sha512-NM8/P9n3XjXhIZn1lLhkFaACTOURQXjWhV4BA/RnOv8xvgqtqpAX9IO4mRQxSx1Rlo4tqzeqb0sOlruaOy3dug==}

  jsonfile@6.2.1:
    resolution: {integrity: sha512-zwOTdL3rFQ/lRdBnntKVOX6k5cKJwEc1HdilT71BWEu7J41gXIB2MRp+vxduPSwZJPWBxEzv4yH1wYLJGUHX4Q==}

  lru-cache@11.3.6:
    resolution: {integrity: sha512-Gf/KoL3C/MlI7Bt0PGI9I+TeTC/I6r/csU58N4BSNc4lppLBeKsOdFYkK+dX0ABDUMJNfCHTyPpzwwO21Awd3A==}
    engines: {node: 20 || >=22}

  minimatch@10.2.3:
    resolution: {integrity: sha512-Rwi3pnapEqirPSbWbrZaa6N3nmqq4Xer/2XooiOKyV3q12ML06f7MOuc5DVH8ONZIFhwIYQ3yzPH4nt7iWHaTg==}
    engines: {node: 18 || 20 || >=22}

  minimatch@10.2.5:
    resolution: {integrity: sha512-MULkVLfKGYDFYejP07QOurDLLQpcjk7Fw+7jXS2R2czRQzR56yHRveU5NDJEOviH+hETZKSkIk5c+T23GjFUMg==}
    engines: {node: 18 || 20 || >=22}

  minipass@7.1.3:
    resolution: {integrity: sha512-tEBHqDnIoM/1rXME1zgka9g6Q2lcoCkxHLuc7ODJ5BxbP5d4c2Z5cGgtXAku59200Cx7diuHTOYfSBD8n6mm8A==}
    engines: {node: '>=16 || 14 >=14.17'}

  oxfmt@0.55.0:
    resolution: {integrity: sha512-jSj2wCTakwgPMxkfiVZX0jf+nX+Nz6xlyAZjqNE0qXTFdCBPYlP6JAN+ODjmealw7DXBjOzYbdsqwBMAZnPZ6A==}
    engines: {node: ^20.19.0 || >=22.12.0}
    hasBin: true
    peerDependencies:
      svelte: ^5.0.0
      vite-plus: '*'
    peerDependenciesMeta:
      svelte:
        optional: true
      vite-plus:
        optional: true

  path-parse@1.0.7:
    resolution: {integrity: sha512-LDJzPVEEEPR+y48z93A0Ed0yXb8pAByGWo/k5YYdYgpY2/2EsOsksJrq7lOHxryrVOn1ejG6oAp8ahvOIQD8sw==}

  path-scurry@2.0.2:
    resolution: {integrity: sha512-3O/iVVsJAPsOnpwWIeD+d6z/7PmqApyQePUtCndjatj/9I5LylHvt5qluFaBT3I5h3r1ejfR056c+FCv+NnNXg==}
    engines: {node: 18 || 20 || >=22}

  require-from-string@2.0.2:
    resolution: {integrity: sha512-Xf0nWe6RseziFMu+Ap9biiUbmplq6S9/p+7w7YXP/JBHhrUDDUhwa+vANyubuqfZWTveU//DYVGsDG7RKL/vEw==}
    engines: {node: '>=0.10.0'}

  resolve@1.22.12:
    resolution: {integrity: sha512-TyeJ1zif53BPfHootBGwPRYT1RUt6oGWsaQr8UyZW/eAm9bKoijtvruSDEmZHm92CwS9nj7/fWttqPCgzep8CA==}
    engines: {node: '>= 0.4'}
    hasBin: true

  semver@7.7.4:
    resolution: {integrity: sha512-vFKC2IEtQnVhpT78h1Yp8wzwrf8CM+MzKMHGJZfBtzhZNycRFnXsHk6E5TxIkkMsgNS7mdX3AGB7x2QM2di4lA==}
    engines: {node: '>=10'}
    hasBin: true

  semver@7.8.1:
    resolution: {integrity: sha512-rkVq3IXh+4FDGch+KwzX3aV9W3kO54GyEgpvBzSyctDA6Xtd7RJQV1xmXbeQp5v7+VzLOfVqiutSE6GICgPFvg==}
    engines: {node: '>=10'}
    hasBin: true

  source-map@0.6.1:
    resolution: {integrity: sha512-UjgapumWlbMhkBgzT7Ykc5YXUT46F0iKu8SGXq0bcwP5dz/h0Plj6enJqjz1Zbq2l5WaqYnrVbwWOWMyF3F47g==}
    engines: {node: '>=0.10.0'}

  sprintf-js@1.0.3:
    resolution: {integrity: sha512-D9cPgkvLlV3t3IzL0D0YLvGA9Ahk4PcvVwUbN0dSGr1aP0Nrt4AEnTUbuGvquEC0mA64Gqt1fzirlRs5ibXx8g==}

  string-argv@0.3.2:
    resolution: {integrity: sha512-aqD2Q0144Z+/RqG52NeHEkZauTAUWJO8c6yTftGJKO3Tja5tUgIfmIl6kExvhtxSDP7fXB6DvzkfMpCd/F3G+Q==}
    engines: {node: '>=0.6.19'}

  string-width@7.2.0:
    resolution: {integrity: sha512-tsaTIkKW9b4N+AEj+SVA+WhJzV7/zMhcSu78mLKWSk7cXMOSHsBKFWUs0fWwq8QyK3MgJBQRX6Gbi4kYbdvGkQ==}
    engines: {node: '>=18'}

  strip-ansi@7.2.0:
    resolution: {integrity: sha512-yDPMNjp4WyfYBkHnjIRLfca1i6KMyGCtsVgoKe/z1+6vukgaENdgGBZt+ZmKPc4gavvEZ5OgHfHdrazhgNyG7w==}
    engines: {node: '>=12'}

  supports-color@8.1.1:
    resolution: {integrity: sha512-MpUEN2OodtUzxvKQl72cUF7RQ5EiHsGvSsVG0ia9c5RbWGL2CI4C7EpPS8UTBIplnlzZiNuV56w+FuNxy3ty2Q==}
    engines: {node: '>=10'}

  supports-preserve-symlinks-flag@1.0.0:
    resolution: {integrity: sha512-ot0WnXS9fgdkgIcePe6RHNk1WA8+muPa6cSjeR3V8K27q9BB1rTE3R1p7Hv0z1ZyAc8s6Vvv8DIyWf681MAt0w==}
    engines: {node: '>= 0.4'}

  tinypool@2.1.0:
    resolution: {integrity: sha512-Pugqs6M0m7Lv1I7FtxN4aoyToKg1C4tu+/381vH35y8oENM/Ai7f7C4StcoK4/+BSw9ebcS8jRiVrORFKCALLw==}
    engines: {node: ^20.0.0 || >=22.0.0}

  tslib@2.8.1:
    resolution: {integrity: sha512-oJFu94HQb+KVduSUQL7wnpmqnfmLsOA/nAh6b6EH0wCEoK0/mPeXU6c3wKDV83MkOuHPRHtSXKKU99IBazS/2w==}

  typescript@6.0.3:
    resolution: {integrity: sha512-y2TvuxSZPDyQakkFRPZHKFm+KKVqIisdg9/CZwm9ftvKXLP8NRWj38/ODjNbr43SsoXqNuAisEf1GdCxqWcdBw==}
    engines: {node: '>=14.17'}
    hasBin: true

  undici-types@6.21.0:
    resolution: {integrity: sha512-iwDZqg0QAGrg9Rav5H4n0M64c3mkR59cJ6wQp+7C4nI0gsmExaedaYLNO44eT4AtBBwjbTiGPMlt2Md0T9H9JQ==}

  universalify@2.0.1:
    resolution: {integrity: sha512-gptHNQghINnc/vTGIk0SOFGFNXw7JVrlRUtConJRlvaw6DuX0wO5Jeko9sWrMBhh+PsYAZ7oXAiOnf/UKogyiw==}
    engines: {node: '>= 10.0.0'}

  wrap-ansi@9.0.2:
    resolution: {integrity: sha512-42AtmgqjV+X1VpdOfyTGOYRi0/zsoLqtXQckTmqTeybT+BDIbM/Guxo7x3pE2vtpr1ok6xRqM9OpBe+Jyoqyww==}
    engines: {node: '>=18'}

  y18n@5.0.8:
    resolution: {integrity: sha512-0pfFzegeDWJHJIAmTLRP2DwHjdF5s7jo9tuztdQxAhINCdvS+3nGINqPd00AphqJR/0LhANUS6/+7SCb98YOfA==}
    engines: {node: '>=10'}

  yargs-parser@22.0.0:
    resolution: {integrity: sha512-rwu/ClNdSMpkSrUb+d6BRsSkLUq1fmfsY6TOpYzTwvwkg1/NRG85KBy3kq++A8LKQwX6lsu+aWad+2khvuXrqw==}
    engines: {node: ^20.19.0 || ^22.12.0 || >=23}

  yargs@18.0.0:
    resolution: {integrity: sha512-4UEqdc2RYGHZc7Doyqkrqiln3p9X2DZVxaGbwhn2pi7MrRagKaOcIKe8L3OxYcbhXLgLFUS3zAYuQjKBQgmuNg==}
    engines: {node: ^20.19.0 || ^22.12.0 || >=23}

  zstddec@0.2.0:
    resolution: {integrity: sha512-oyPnDa1X5c13+Y7mA/FDMNJrn4S8UNBe0KCqtDmor40Re7ALrPN6npFwyYVRRh+PqozZQdeg23QtbcamZnG5rA==}

snapshots:

  '@microsoft/api-extractor-model@7.33.8(@types/node@22.19.19)':
    dependencies:
      '@microsoft/tsdoc': 0.16.0
      '@microsoft/tsdoc-config': 0.18.1
      '@rushstack/node-core-library': 5.23.1(@types/node@22.19.19)
    transitivePeerDependencies:
      - '@types/node'

  '@microsoft/api-extractor@7.58.8(@types/node@22.19.19)':
    dependencies:
      '@microsoft/api-extractor-model': 7.33.8(@types/node@22.19.19)
      '@microsoft/tsdoc': 0.16.0
      '@microsoft/tsdoc-config': 0.18.1
      '@rushstack/node-core-library': 5.23.1(@types/node@22.19.19)
      '@rushstack/rig-package': 0.7.3
      '@rushstack/terminal': 0.24.0(@types/node@22.19.19)
      '@rushstack/ts-command-line': 5.3.9(@types/node@22.19.19)
      diff: 8.0.4
      minimatch: 10.2.3
      resolve: 1.22.12
      semver: 7.7.4
      source-map: 0.6.1
      typescript: 6.0.3
    transitivePeerDependencies:
      - '@types/node'

  '@microsoft/tsdoc-config@0.18.1':
    dependencies:
      '@microsoft/tsdoc': 0.16.0
      ajv: 8.18.0
      jju: 1.4.0
      resolve: 1.22.12

  '@microsoft/tsdoc@0.16.0': {}

  '@oxfmt/binding-android-arm-eabi@0.55.0':
    optional: true

  '@oxfmt/binding-android-arm64@0.55.0':
    optional: true

  '@oxfmt/binding-darwin-arm64@0.55.0':
    optional: true

  '@oxfmt/binding-darwin-x64@0.55.0':
    optional: true

  '@oxfmt/binding-freebsd-x64@0.55.0':
    optional: true

  '@oxfmt/binding-linux-arm-gnueabihf@0.55.0':
    optional: true

  '@oxfmt/binding-linux-arm-musleabihf@0.55.0':
    optional: true

  '@oxfmt/binding-linux-arm64-gnu@0.55.0':
    optional: true

  '@oxfmt/binding-linux-arm64-musl@0.55.0':
    optional: true

  '@oxfmt/binding-linux-ppc64-gnu@0.55.0':
    optional: true

  '@oxfmt/binding-linux-riscv64-gnu@0.55.0':
    optional: true

  '@oxfmt/binding-linux-riscv64-musl@0.55.0':
    optional: true

  '@oxfmt/binding-linux-s390x-gnu@0.55.0':
    optional: true

  '@oxfmt/binding-linux-x64-gnu@0.55.0':
    optional: true

  '@oxfmt/binding-linux-x64-musl@0.55.0':
    optional: true

  '@oxfmt/binding-openharmony-arm64@0.55.0':
    optional: true

  '@oxfmt/binding-win32-arm64-msvc@0.55.0':
    optional: true

  '@oxfmt/binding-win32-ia32-msvc@0.55.0':
    optional: true

  '@oxfmt/binding-win32-x64-msvc@0.55.0':
    optional: true

  '@rushstack/node-core-library@5.23.1(@types/node@22.19.19)':
    dependencies:
      ajv: 8.18.0
      ajv-draft-04: 1.0.0(ajv@8.18.0)
      ajv-formats: 3.0.1(ajv@8.18.0)
      fs-extra: 11.3.5
      import-lazy: 4.0.0
      jju: 1.4.0
      resolve: 1.22.12
      semver: 7.7.4
    optionalDependencies:
      '@types/node': 22.19.19

  '@rushstack/problem-matcher@0.2.1(@types/node@22.19.19)':
    optionalDependencies:
      '@types/node': 22.19.19

  '@rushstack/rig-package@0.7.3':
    dependencies:
      jju: 1.4.0
      resolve: 1.22.12

  '@rushstack/terminal@0.24.0(@types/node@22.19.19)':
    dependencies:
      '@rushstack/node-core-library': 5.23.1(@types/node@22.19.19)
      '@rushstack/problem-matcher': 0.2.1(@types/node@22.19.19)
      supports-color: 8.1.1
    optionalDependencies:
      '@types/node': 22.19.19

  '@rushstack/ts-command-line@5.3.9(@types/node@22.19.19)':
    dependencies:
      '@rushstack/terminal': 0.24.0(@types/node@22.19.19)
      '@types/argparse': 1.0.38
      argparse: 1.0.10
      string-argv: 0.3.2
    transitivePeerDependencies:
      - '@types/node'

  '@types/argparse@1.0.38': {}

  '@types/node@22.19.19':
    dependencies:
      undici-types: 6.21.0

  '@types/semver@7.7.1': {}

  '@types/webxr@0.5.24': {}

  '@webgpu/types@0.1.70': {}

  ajv-draft-04@1.0.0(ajv@8.18.0):
    optionalDependencies:
      ajv: 8.18.0

  ajv-formats@3.0.1(ajv@8.18.0):
    optionalDependencies:
      ajv: 8.18.0

  ajv@8.18.0:
    dependencies:
      fast-deep-equal: 3.1.3
      fast-uri: 3.1.2
      json-schema-traverse: 1.0.0
      require-from-string: 2.0.2

  ansi-regex@6.2.2: {}

  ansi-styles@6.2.3: {}

  argparse@1.0.10:
    dependencies:
      sprintf-js: 1.0.3

  balanced-match@4.0.4: {}

  brace-expansion@5.0.5:
    dependencies:
      balanced-match: 4.0.4

  chalk@5.6.2: {}

  cliui@9.0.1:
    dependencies:
      string-width: 7.2.0
      strip-ansi: 7.2.0
      wrap-ansi: 9.0.2

  diff@8.0.4: {}

  emoji-regex@10.6.0: {}

  es-errors@1.3.0: {}

  escalade@3.2.0: {}

  fast-deep-equal@3.1.3: {}

  fast-uri@3.1.2: {}

  fflate@0.8.3: {}

  fs-extra@11.3.5:
    dependencies:
      graceful-fs: 4.2.11
      jsonfile: 6.2.1
      universalify: 2.0.1

  function-bind@1.1.2: {}

  get-caller-file@2.0.5: {}

  get-east-asian-width@1.5.0: {}

  glob@13.0.6:
    dependencies:
      minimatch: 10.2.5
      minipass: 7.1.3
      path-scurry: 2.0.2

  graceful-fs@4.2.11: {}

  has-flag@4.0.0: {}

  hasown@2.0.3:
    dependencies:
      function-bind: 1.1.2

  import-lazy@4.0.0: {}

  is-core-module@2.16.2:
    dependencies:
      hasown: 2.0.3

  jju@1.4.0: {}

  json-schema-traverse@1.0.0: {}

  jsonfile@6.2.1:
    dependencies:
      universalify: 2.0.1
    optionalDependencies:
      graceful-fs: 4.2.11

  lru-cache@11.3.6: {}

  minimatch@10.2.3:
    dependencies:
      brace-expansion: 5.0.5

  minimatch@10.2.5:
    dependencies:
      brace-expansion: 5.0.5

  minipass@7.1.3: {}

  oxfmt@0.55.0:
    dependencies:
      tinypool: 2.1.0
    optionalDependencies:
      '@oxfmt/binding-android-arm-eabi': 0.55.0
      '@oxfmt/binding-android-arm64': 0.55.0
      '@oxfmt/binding-darwin-arm64': 0.55.0
      '@oxfmt/binding-darwin-x64': 0.55.0
      '@oxfmt/binding-freebsd-x64': 0.55.0
      '@oxfmt/binding-linux-arm-gnueabihf': 0.55.0
      '@oxfmt/binding-linux-arm-musleabihf': 0.55.0
      '@oxfmt/binding-linux-arm64-gnu': 0.55.0
      '@oxfmt/binding-linux-arm64-musl': 0.55.0
      '@oxfmt/binding-linux-ppc64-gnu': 0.55.0
      '@oxfmt/binding-linux-riscv64-gnu': 0.55.0
      '@oxfmt/binding-linux-riscv64-musl': 0.55.0
      '@oxfmt/binding-linux-s390x-gnu': 0.55.0
      '@oxfmt/binding-linux-x64-gnu': 0.55.0
      '@oxfmt/binding-linux-x64-musl': 0.55.0
      '@oxfmt/binding-openharmony-arm64': 0.55.0
      '@oxfmt/binding-win32-arm64-msvc': 0.55.0
      '@oxfmt/binding-win32-ia32-msvc': 0.55.0
      '@oxfmt/binding-win32-x64-msvc': 0.55.0

  path-parse@1.0.7: {}

  path-scurry@2.0.2:
    dependencies:
      lru-cache: 11.3.6
      minipass: 7.1.3

  require-from-string@2.0.2: {}

  resolve@1.22.12:
    dependencies:
      es-errors: 1.3.0
      is-core-module: 2.16.2
      path-parse: 1.0.7
      supports-preserve-symlinks-flag: 1.0.0

  semver@7.7.4: {}

  semver@7.8.1: {}

  source-map@0.6.1: {}

  sprintf-js@1.0.3: {}

  string-argv@0.3.2: {}

  string-width@7.2.0:
    dependencies:
      emoji-regex: 10.6.0
      get-east-asian-width: 1.5.0
      strip-ansi: 7.2.0

  strip-ansi@7.2.0:
    dependencies:
      ansi-regex: 6.2.2

  supports-color@8.1.1:
    dependencies:
      has-flag: 4.0.0

  supports-preserve-symlinks-flag@1.0.0: {}

  tinypool@2.1.0: {}

  tslib@2.8.1: {}

  typescript@6.0.3: {}

  undici-types@6.21.0: {}

  universalify@2.0.1: {}

  wrap-ansi@9.0.2:
    dependencies:
      ansi-styles: 6.2.3
      string-width: 7.2.0
      strip-ansi: 7.2.0

  y18n@5.0.8: {}

  yargs-parser@22.0.0: {}

  yargs@18.0.0:
    dependencies:
      cliui: 9.0.1
      escalade: 3.2.0
      get-caller-file: 2.0.5
      string-width: 7.2.0
      y18n: 5.0.8
      yargs-parser: 22.0.0

  zstddec@0.2.0: {}
